{
  "originHash" : "179c20673fa65a708d3aab0e78d1137e80c12a67c5a35612fe7672ec2d9842f4",
  "pins" : [
    {
      "identity" : "fptnshared",
      "kind" : "remoteSourceControl",
      "location" : "https://github.com/mrmidi/FptnShared",
      "state" : {
        "revision" : "cc829aa505c9d8157a76f6b386c5fd060ed23a8b",
        "version" : "0.1.1"
      }
    },
    {
      "identity" : "swift-log",
      "kind" : "remoteSourceControl",
      "location" : "https://github.com/apple/swift-log",
      "state" : {
        "revision" : "bbd81b6725ae874c69e9b8c8804d462356b55523",
        "version" : "1.10.1"
      }
    }
  ],
  "version" : 3
}
