{
  "originHash" : "9dc9fd6b22276b29f5abd6b831e1b3af016a3cba92ccb27aa9c6cbdab3ed13ba",
  "pins" : [
    {
      "identity" : "fptnshared",
      "kind" : "remoteSourceControl",
      "location" : "https://github.com/mrmidi/FptnShared.git",
      "state" : {
        "revision" : "0db664fc881786539df2bd0dca414114f867d314",
        "version" : "0.6.0"
      }
    }
  ],
  "version" : 3
}
