{
  "originHash" : "e66c7ff3e9c634411de552fb373a5abb80e6691fd185387fa88b6456123745a2",
  "pins" : [
    {
      "identity" : "fptnshared",
      "kind" : "remoteSourceControl",
      "location" : "https://github.com/mrmidi/FptnShared.git",
      "state" : {
        "revision" : "3f4c2cbe2b31cbce9b13f0683b7b34d258ca7111",
        "version" : "0.7.3"
      }
    }
  ],
  "version" : 3
}
