// !$*UTF8*$!
{
	archiveVersion = 1;
	classes = {
	};
	objectVersion = 77;
	objects = {

/* Begin PBXBuildFile section */
		3A410EC92F4CB24300CB1F4E /* fptn.icon in Resources */ = {isa = PBXBuildFile; fileRef = 3A410EC82F4CB24300CB1F4E /* fptn.icon */; };
		3AE35AD22F55835C0036B059 /* NetworkExtension.framework in Frameworks */ = {isa = PBXBuildFile; fileRef = 79A890742E7582AB0062CD90 /* NetworkExtension.framework */; };
		3AE35ADA2F55835C0036B059 /* Fptn-macOS-Tunnel.appex in Embed Foundation Extensions */ = {isa = PBXBuildFile; fileRef = 3AE35AD12F55835B0036B059 /* Fptn-macOS-Tunnel.appex */; settings = {ATTRIBUTES = (RemoveHeadersOnCopy, ); }; };
		3AE3729F2F5820150036B059 /* NetworkExtension.framework in Frameworks */ = {isa = PBXBuildFile; fileRef = 79A890742E7582AB0062CD90 /* NetworkExtension.framework */; };
		3AE372A72F5820150036B059 /* Fptn-tvOS-Tunnel.appex in Embed Foundation Extensions */ = {isa = PBXBuildFile; fileRef = 3AE3729E2F5820150036B059 /* Fptn-tvOS-Tunnel.appex */; settings = {ATTRIBUTES = (RemoveHeadersOnCopy, ); }; };
		3AE374252F58379E0036B059 /* FptnSharedCore in Frameworks */ = {isa = PBXBuildFile; productRef = 3AE374242F58379E0036B059 /* FptnSharedCore */; };
		3AE374272F58379E0036B059 /* FptnSharedTunnel in Frameworks */ = {isa = PBXBuildFile; productRef = 3AE374262F58379E0036B059 /* FptnSharedTunnel */; };
		3AE374282F58379E0036B059 /* FptnSharedCore in Frameworks */ = {isa = PBXBuildFile; productRef = 3AE374242F58379E0036B059 /* FptnSharedCore */; };
		3AE374292F58379E0036B059 /* FptnSharedCore in Frameworks */ = {isa = PBXBuildFile; productRef = 3AE374242F58379E0036B059 /* FptnSharedCore */; };
		3AE3742A2F58379E0036B059 /* FptnSharedTunnel in Frameworks */ = {isa = PBXBuildFile; productRef = 3AE374262F58379E0036B059 /* FptnSharedTunnel */; };
		3AE3742B2F58379E0036B059 /* FptnSharedTunnel in Frameworks */ = {isa = PBXBuildFile; productRef = 3AE374262F58379E0036B059 /* FptnSharedTunnel */; };
		3AE38F342F58B8450036B059 /* fptn.icon in Resources */ = {isa = PBXBuildFile; fileRef = 3AE38F332F58B8450036B059 /* fptn.icon */; };
		3AE38F352F58B8450036B059 /* fptn.icon in Resources */ = {isa = PBXBuildFile; fileRef = 3AE38F332F58B8450036B059 /* fptn.icon */; };
		3AE38F362F58B8450036B059 /* fptn.icon in Resources */ = {isa = PBXBuildFile; fileRef = 3AE38F332F58B8450036B059 /* fptn.icon */; };
		3AEA9E0B2F4C62880020E4E3 /* Logging in Frameworks */ = {isa = PBXBuildFile; productRef = 3AEA9E0A2F4C62880020E4E3 /* Logging */; };
		3AEA9E0C2F4C62880020E4E3 /* Logging in Frameworks */ = {isa = PBXBuildFile; productRef = 3AEA9E0D2F4C62880020E4E3 /* Logging */; };
		3B1000012F7000010036B059 /* FptnSharedCore in Frameworks */ = {isa = PBXBuildFile; productRef = 3AE374242F58379E0036B059 /* FptnSharedCore */; };
		7994B8002E7A299E00624B08 /* (null) in Embed Frameworks */ = {isa = PBXBuildFile; settings = {ATTRIBUTES = (CodeSignOnCopy, RemoveHeadersOnCopy, ); }; };
		79A890782E7582AB0062CD90 /* (null) in Frameworks */ = {isa = PBXBuildFile; };
		79A8907D2E7582AB0062CD90 /* FptnVPNTunnel.appex in Embed Foundation Extensions */ = {isa = PBXBuildFile; fileRef = 79A890722E7582AB0062CD90 /* FptnVPNTunnel.appex */; settings = {ATTRIBUTES = (RemoveHeadersOnCopy, ); }; };
/* End PBXBuildFile section */

/* Begin PBXContainerItemProxy section */
		3AE35AB32F55828E0036B059 /* PBXContainerItemProxy */ = {
			isa = PBXContainerItemProxy;
			containerPortal = 85D5C31E2DFD4A0600ABAD64 /* Project object */;
			proxyType = 1;
			remoteGlobalIDString = 3AE35AA52F55828B0036B059;
			remoteInfo = "Fptn-macOS";
		};
		3AE35ABD2F55828E0036B059 /* PBXContainerItemProxy */ = {
			isa = PBXContainerItemProxy;
			containerPortal = 85D5C31E2DFD4A0600ABAD64 /* Project object */;
			proxyType = 1;
			remoteGlobalIDString = 3AE35AA52F55828B0036B059;
			remoteInfo = "Fptn-macOS";
		};
		3AE35AD82F55835C0036B059 /* PBXContainerItemProxy */ = {
			isa = PBXContainerItemProxy;
			containerPortal = 85D5C31E2DFD4A0600ABAD64 /* Project object */;
			proxyType = 1;
			remoteGlobalIDString = 3AE35AD02F55835B0036B059;
			remoteInfo = "Fptn-macOS-Tunnel";
		};
		3AE372802F581FAC0036B059 /* PBXContainerItemProxy */ = {
			isa = PBXContainerItemProxy;
			containerPortal = 85D5C31E2DFD4A0600ABAD64 /* Project object */;
			proxyType = 1;
			remoteGlobalIDString = 3AE372722F581FAA0036B059;
			remoteInfo = "Fptn-tvOS";
		};
		3AE3728A2F581FAC0036B059 /* PBXContainerItemProxy */ = {
			isa = PBXContainerItemProxy;
			containerPortal = 85D5C31E2DFD4A0600ABAD64 /* Project object */;
			proxyType = 1;
			remoteGlobalIDString = 3AE372722F581FAA0036B059;
			remoteInfo = "Fptn-tvOS";
		};
		3AE372A52F5820150036B059 /* PBXContainerItemProxy */ = {
			isa = PBXContainerItemProxy;
			containerPortal = 85D5C31E2DFD4A0600ABAD64 /* Project object */;
			proxyType = 1;
			remoteGlobalIDString = 3AE3729D2F5820150036B059;
			remoteInfo = "Fptn-tvOS-Tunnel";
		};
		79A8907B2E7582AB0062CD90 /* PBXContainerItemProxy */ = {
			isa = PBXContainerItemProxy;
			containerPortal = 85D5C31E2DFD4A0600ABAD64 /* Project object */;
			proxyType = 1;
			remoteGlobalIDString = 79A890712E7582AB0062CD90;
			remoteInfo = FptnVPNTunnel;
		};
		85D5C3342DFD4A0800ABAD64 /* PBXContainerItemProxy */ = {
			isa = PBXContainerItemProxy;
			containerPortal = 85D5C31E2DFD4A0600ABAD64 /* Project object */;
			proxyType = 1;
			remoteGlobalIDString = 85D5C3252DFD4A0600ABAD64;
			remoteInfo = FptnVPN;
		};
		85D5C33E2DFD4A0800ABAD64 /* PBXContainerItemProxy */ = {
			isa = PBXContainerItemProxy;
			containerPortal = 85D5C31E2DFD4A0600ABAD64 /* Project object */;
			proxyType = 1;
			remoteGlobalIDString = 85D5C3252DFD4A0600ABAD64;
			remoteInfo = FptnVPN;
		};
/* End PBXContainerItemProxy section */

/* Begin PBXCopyFilesBuildPhase section */
		3AE35ADF2F55835C0036B059 /* Embed Foundation Extensions */ = {
			isa = PBXCopyFilesBuildPhase;
			buildActionMask = 2147483647;
			dstPath = "";
			dstSubfolderSpec = 13;
			files = (
				3AE35ADA2F55835C0036B059 /* Fptn-macOS-Tunnel.appex in Embed Foundation Extensions */,
			);
			name = "Embed Foundation Extensions";
			runOnlyForDeploymentPostprocessing = 0;
		};
		3AE35AE12F558F5C0036B059 /* Embed Frameworks */ = {
			isa = PBXCopyFilesBuildPhase;
			buildActionMask = 2147483647;
			dstPath = "";
			dstSubfolderSpec = 10;
			files = (
			);
			name = "Embed Frameworks";
			runOnlyForDeploymentPostprocessing = 0;
		};
		3AE372AC2F5820150036B059 /* Embed Foundation Extensions */ = {
			isa = PBXCopyFilesBuildPhase;
			buildActionMask = 2147483647;
			dstPath = "";
			dstSubfolderSpec = 13;
			files = (
				3AE372A72F5820150036B059 /* Fptn-tvOS-Tunnel.appex in Embed Foundation Extensions */,
			);
			name = "Embed Foundation Extensions";
			runOnlyForDeploymentPostprocessing = 0;
		};
		3AE388C52F589C350036B059 /* Embed Frameworks */ = {
			isa = PBXCopyFilesBuildPhase;
			buildActionMask = 2147483647;
			dstPath = "";
			dstSubfolderSpec = 10;
			files = (
			);
			name = "Embed Frameworks";
			runOnlyForDeploymentPostprocessing = 0;
		};
		7994B7FF2E7A299E00624B08 /* Embed Frameworks */ = {
			isa = PBXCopyFilesBuildPhase;
			buildActionMask = 2147483647;
			dstPath = "";
			dstSubfolderSpec = 10;
			files = (
				7994B8002E7A299E00624B08 /* (null) in Embed Frameworks */,
			);
			name = "Embed Frameworks";
			runOnlyForDeploymentPostprocessing = 0;
		};
		79A890822E7582AB0062CD90 /* Embed Foundation Extensions */ = {
			isa = PBXCopyFilesBuildPhase;
			buildActionMask = 2147483647;
			dstPath = "";
			dstSubfolderSpec = 13;
			files = (
				79A8907D2E7582AB0062CD90 /* FptnVPNTunnel.appex in Embed Foundation Extensions */,
			);
			name = "Embed Foundation Extensions";
			runOnlyForDeploymentPostprocessing = 0;
		};
		85D5C3FF2DFD4A0600ABAD64 /* Embed Frameworks */ = {
			isa = PBXCopyFilesBuildPhase;
			buildActionMask = 2147483647;
			dstPath = "";
			dstSubfolderSpec = 10;
			files = (
			);
			name = "Embed Frameworks";
			runOnlyForDeploymentPostprocessing = 0;
		};
/* End PBXCopyFilesBuildPhase section */

/* Begin PBXFileReference section */
		3A410EC82F4CB24300CB1F4E /* fptn.icon */ = {isa = PBXFileReference; lastKnownFileType = folder.iconcomposer.icon; path = fptn.icon; sourceTree = "<group>"; };
		3AE35AA62F55828B0036B059 /* Fptn-macOS.app */ = {isa = PBXFileReference; explicitFileType = wrapper.application; includeInIndex = 0; path = "Fptn-macOS.app"; sourceTree = BUILT_PRODUCTS_DIR; };
		3AE35AB22F55828E0036B059 /* Fptn-macOSTests.xctest */ = {isa = PBXFileReference; explicitFileType = wrapper.cfbundle; includeInIndex = 0; path = "Fptn-macOSTests.xctest"; sourceTree = BUILT_PRODUCTS_DIR; };
		3AE35ABC2F55828E0036B059 /* Fptn-macOSUITests.xctest */ = {isa = PBXFileReference; explicitFileType = wrapper.cfbundle; includeInIndex = 0; path = "Fptn-macOSUITests.xctest"; sourceTree = BUILT_PRODUCTS_DIR; };
		3AE35AD12F55835B0036B059 /* Fptn-macOS-Tunnel.appex */ = {isa = PBXFileReference; explicitFileType = "wrapper.app-extension"; includeInIndex = 0; path = "Fptn-macOS-Tunnel.appex"; sourceTree = BUILT_PRODUCTS_DIR; };
		3AE372732F581FAA0036B059 /* Fptn-tvOS.app */ = {isa = PBXFileReference; explicitFileType = wrapper.application; includeInIndex = 0; path = "Fptn-tvOS.app"; sourceTree = BUILT_PRODUCTS_DIR; };
		3AE3727F2F581FAC0036B059 /* Fptn-tvOSTests.xctest */ = {isa = PBXFileReference; explicitFileType = wrapper.cfbundle; includeInIndex = 0; path = "Fptn-tvOSTests.xctest"; sourceTree = BUILT_PRODUCTS_DIR; };
		3AE372892F581FAC0036B059 /* Fptn-tvOSUITests.xctest */ = {isa = PBXFileReference; explicitFileType = wrapper.cfbundle; includeInIndex = 0; path = "Fptn-tvOSUITests.xctest"; sourceTree = BUILT_PRODUCTS_DIR; };
		3AE3729E2F5820150036B059 /* Fptn-tvOS-Tunnel.appex */ = {isa = PBXFileReference; explicitFileType = "wrapper.app-extension"; includeInIndex = 0; path = "Fptn-tvOS-Tunnel.appex"; sourceTree = BUILT_PRODUCTS_DIR; };
		3AE38F332F58B8450036B059 /* fptn.icon */ = {isa = PBXFileReference; lastKnownFileType = folder.iconcomposer.icon; path = fptn.icon; sourceTree = "<group>"; };
		79A890722E7582AB0062CD90 /* FptnVPNTunnel.appex */ = {isa = PBXFileReference; explicitFileType = "wrapper.app-extension"; includeInIndex = 0; path = FptnVPNTunnel.appex; sourceTree = BUILT_PRODUCTS_DIR; };
		79A890742E7582AB0062CD90 /* NetworkExtension.framework */ = {isa = PBXFileReference; lastKnownFileType = wrapper.framework; name = NetworkExtension.framework; path = System/Library/Frameworks/NetworkExtension.framework; sourceTree = SDKROOT; };
		85D5C3262DFD4A0600ABAD64 /* FptnVPN.app */ = {isa = PBXFileReference; explicitFileType = wrapper.application; includeInIndex = 0; path = FptnVPN.app; sourceTree = BUILT_PRODUCTS_DIR; };
		85D5C3332DFD4A0800ABAD64 /* FptnVPNTests.xctest */ = {isa = PBXFileReference; explicitFileType = wrapper.cfbundle; includeInIndex = 0; path = FptnVPNTests.xctest; sourceTree = BUILT_PRODUCTS_DIR; };
		85D5C33D2DFD4A0800ABAD64 /* FptnVPNUITests.xctest */ = {isa = PBXFileReference; explicitFileType = wrapper.cfbundle; includeInIndex = 0; path = FptnVPNUITests.xctest; sourceTree = BUILT_PRODUCTS_DIR; };
/* End PBXFileReference section */

/* Begin PBXFileSystemSynchronizedBuildFileExceptionSet section */
		3AE35ADB2F55835C0036B059 /* Exceptions for "Fptn-macOS-Tunnel" folder in "Fptn-macOS-Tunnel" target */ = {
			isa = PBXFileSystemSynchronizedBuildFileExceptionSet;
			membershipExceptions = (
				Info.plist,
			);
			target = 3AE35AD02F55835B0036B059 /* Fptn-macOS-Tunnel */;
		};
		3AE372A82F5820150036B059 /* Exceptions for "Fptn-tvOS-Tunnel" folder in "Fptn-tvOS-Tunnel" target */ = {
			isa = PBXFileSystemSynchronizedBuildFileExceptionSet;
			membershipExceptions = (
				Info.plist,
			);
			target = 3AE3729D2F5820150036B059 /* Fptn-tvOS-Tunnel */;
		};
		79A8907E2E7582AB0062CD90 /* Exceptions for "FptnVPNTunnel" folder in "FptnVPNTunnel" target */ = {
			isa = PBXFileSystemSynchronizedBuildFileExceptionSet;
			membershipExceptions = (
				Info.plist,
			);
			target = 79A890712E7582AB0062CD90 /* FptnVPNTunnel */;
		};
/* End PBXFileSystemSynchronizedBuildFileExceptionSet section */

/* Begin PBXFileSystemSynchronizedGroupBuildPhaseMembershipExceptionSet section */
		3AE35AE22F558F5C0036B059 /* Exceptions for "Fptn-macOS" folder in "Embed Frameworks" phase from "Fptn-macOS" target */ = {
			isa = PBXFileSystemSynchronizedGroupBuildPhaseMembershipExceptionSet;
			attributesByRelativePath = {
				Cpp/fptn_native_lib.framework = (CodeSignOnCopy, RemoveHeadersOnCopy, );
			};
			buildPhase = 3AE35AE12F558F5C0036B059 /* Embed Frameworks */;
			membershipExceptions = (
				Cpp/fptn_native_lib.framework,
			);
		};
		3AE388C62F589C360036B059 /* Exceptions for "Fptn-tvOS" folder in "Embed Frameworks" phase from "Fptn-tvOS" target */ = {
			isa = PBXFileSystemSynchronizedGroupBuildPhaseMembershipExceptionSet;
			attributesByRelativePath = {
				Cpp/fptn_native_lib.framework = (CodeSignOnCopy, RemoveHeadersOnCopy, );
			};
			buildPhase = 3AE388C52F589C350036B059 /* Embed Frameworks */;
			membershipExceptions = (
				Cpp/fptn_native_lib.framework,
			);
		};
		85D5C3FE2DFD4A0600ABAD64 /* Exceptions for "FptnVPN" folder in "Embed Frameworks" phase from "FptnVPN" target */ = {
			isa = PBXFileSystemSynchronizedGroupBuildPhaseMembershipExceptionSet;
			attributesByRelativePath = {
				Cpp/fptn_native_lib.framework = (CodeSignOnCopy, RemoveHeadersOnCopy, );
			};
			buildPhase = 85D5C3FF2DFD4A0600ABAD64 /* Embed Frameworks */;
			membershipExceptions = (
				Cpp/fptn_native_lib.framework,
			);
		};
/* End PBXFileSystemSynchronizedGroupBuildPhaseMembershipExceptionSet section */

/* Begin PBXFileSystemSynchronizedRootGroup section */
		3AE35AA72F55828B0036B059 /* Fptn-macOS */ = {
			isa = PBXFileSystemSynchronizedRootGroup;
			exceptions = (
				3AE35AE22F558F5C0036B059 /* Exceptions for "Fptn-macOS" folder in "Embed Frameworks" phase from "Fptn-macOS" target */,
			);
			path = "Fptn-macOS";
			sourceTree = "<group>";
		};
		3AE35AB52F55828E0036B059 /* Fptn-macOSTests */ = {
			isa = PBXFileSystemSynchronizedRootGroup;
			path = "Fptn-macOSTests";
			sourceTree = "<group>";
		};
		3AE35ABF2F55828E0036B059 /* Fptn-macOSUITests */ = {
			isa = PBXFileSystemSynchronizedRootGroup;
			path = "Fptn-macOSUITests";
			sourceTree = "<group>";
		};
		3AE35AD32F55835C0036B059 /* Fptn-macOS-Tunnel */ = {
			isa = PBXFileSystemSynchronizedRootGroup;
			exceptions = (
				3AE35ADB2F55835C0036B059 /* Exceptions for "Fptn-macOS-Tunnel" folder in "Fptn-macOS-Tunnel" target */,
			);
			path = "Fptn-macOS-Tunnel";
			sourceTree = "<group>";
		};
		3AE372742F581FAA0036B059 /* Fptn-tvOS */ = {
			isa = PBXFileSystemSynchronizedRootGroup;
			exceptions = (
				3AE388C62F589C360036B059 /* Exceptions for "Fptn-tvOS" folder in "Embed Frameworks" phase from "Fptn-tvOS" target */,
			);
			path = "Fptn-tvOS";
			sourceTree = "<group>";
		};
		3AE372822F581FAC0036B059 /* Fptn-tvOSTests */ = {
			isa = PBXFileSystemSynchronizedRootGroup;
			path = "Fptn-tvOSTests";
			sourceTree = "<group>";
		};
		3AE3728C2F581FAC0036B059 /* Fptn-tvOSUITests */ = {
			isa = PBXFileSystemSynchronizedRootGroup;
			path = "Fptn-tvOSUITests";
			sourceTree = "<group>";
		};
		3AE372A02F5820150036B059 /* Fptn-tvOS-Tunnel */ = {
			isa = PBXFileSystemSynchronizedRootGroup;
			exceptions = (
				3AE372A82F5820150036B059 /* Exceptions for "Fptn-tvOS-Tunnel" folder in "Fptn-tvOS-Tunnel" target */,
			);
			path = "Fptn-tvOS-Tunnel";
			sourceTree = "<group>";
		};
		79A890762E7582AB0062CD90 /* FptnVPNTunnel */ = {
			isa = PBXFileSystemSynchronizedRootGroup;
			exceptions = (
				79A8907E2E7582AB0062CD90 /* Exceptions for "FptnVPNTunnel" folder in "FptnVPNTunnel" target */,
			);
			path = FptnVPNTunnel;
			sourceTree = "<group>";
		};
		85D5C3282DFD4A0600ABAD64 /* FptnVPN */ = {
			isa = PBXFileSystemSynchronizedRootGroup;
			exceptions = (
				85D5C3FE2DFD4A0600ABAD64 /* Exceptions for "FptnVPN" folder in "Embed Frameworks" phase from "FptnVPN" target */,
			);
			path = FptnVPN;
			sourceTree = "<group>";
		};
		85D5C3362DFD4A0800ABAD64 /* FptnVPNTests */ = {
			isa = PBXFileSystemSynchronizedRootGroup;
			path = FptnVPNTests;
			sourceTree = "<group>";
		};
		85D5C3402DFD4A0800ABAD64 /* FptnVPNUITests */ = {
			isa = PBXFileSystemSynchronizedRootGroup;
			path = FptnVPNUITests;
			sourceTree = "<group>";
		};
/* End PBXFileSystemSynchronizedRootGroup section */

/* Begin PBXFrameworksBuildPhase section */
		3AE35AA32F55828B0036B059 /* Frameworks */ = {
			isa = PBXFrameworksBuildPhase;
			buildActionMask = 2147483647;
			files = (
				3AE374282F58379E0036B059 /* FptnSharedCore in Frameworks */,
			);
			runOnlyForDeploymentPostprocessing = 0;
		};
		3AE35AAF2F55828E0036B059 /* Frameworks */ = {
			isa = PBXFrameworksBuildPhase;
			buildActionMask = 2147483647;
			files = (
			);
			runOnlyForDeploymentPostprocessing = 0;
		};
		3AE35AB92F55828E0036B059 /* Frameworks */ = {
			isa = PBXFrameworksBuildPhase;
			buildActionMask = 2147483647;
			files = (
			);
			runOnlyForDeploymentPostprocessing = 0;
		};
		3AE35ACE2F55835B0036B059 /* Frameworks */ = {
			isa = PBXFrameworksBuildPhase;
			buildActionMask = 2147483647;
			files = (
				3AE3742A2F58379E0036B059 /* FptnSharedTunnel in Frameworks */,
				3AE35AD22F55835C0036B059 /* NetworkExtension.framework in Frameworks */,
			);
			runOnlyForDeploymentPostprocessing = 0;
		};
		3AE372702F581FAA0036B059 /* Frameworks */ = {
			isa = PBXFrameworksBuildPhase;
			buildActionMask = 2147483647;
			files = (
				3AE374292F58379E0036B059 /* FptnSharedCore in Frameworks */,
			);
			runOnlyForDeploymentPostprocessing = 0;
		};
		3AE3727C2F581FAC0036B059 /* Frameworks */ = {
			isa = PBXFrameworksBuildPhase;
			buildActionMask = 2147483647;
			files = (
			);
			runOnlyForDeploymentPostprocessing = 0;
		};
		3AE372862F581FAC0036B059 /* Frameworks */ = {
			isa = PBXFrameworksBuildPhase;
			buildActionMask = 2147483647;
			files = (
			);
			runOnlyForDeploymentPostprocessing = 0;
		};
		3AE3729B2F5820150036B059 /* Frameworks */ = {
			isa = PBXFrameworksBuildPhase;
			buildActionMask = 2147483647;
			files = (
				3B1000012F7000010036B059 /* FptnSharedCore in Frameworks */,
				3AE3742B2F58379E0036B059 /* FptnSharedTunnel in Frameworks */,
				3AE3729F2F5820150036B059 /* NetworkExtension.framework in Frameworks */,
			);
			runOnlyForDeploymentPostprocessing = 0;
		};
		79A8906F2E7582AB0062CD90 /* Frameworks */ = {
			isa = PBXFrameworksBuildPhase;
			buildActionMask = 2147483647;
			files = (
				3AEA9E0C2F4C62880020E4E3 /* Logging in Frameworks */,
				3AE374272F58379E0036B059 /* FptnSharedTunnel in Frameworks */,
			);
			runOnlyForDeploymentPostprocessing = 0;
		};
		85D5C3232DFD4A0600ABAD64 /* Frameworks */ = {
			isa = PBXFrameworksBuildPhase;
			buildActionMask = 2147483647;
			files = (
				3AEA9E0B2F4C62880020E4E3 /* Logging in Frameworks */,
				3AE374252F58379E0036B059 /* FptnSharedCore in Frameworks */,
				79A890782E7582AB0062CD90 /* (null) in Frameworks */,
			);
			runOnlyForDeploymentPostprocessing = 0;
		};
		85D5C3302DFD4A0800ABAD64 /* Frameworks */ = {
			isa = PBXFrameworksBuildPhase;
			buildActionMask = 2147483647;
			files = (
			);
			runOnlyForDeploymentPostprocessing = 0;
		};
		85D5C33A2DFD4A0800ABAD64 /* Frameworks */ = {
			isa = PBXFrameworksBuildPhase;
			buildActionMask = 2147483647;
			files = (
			);
			runOnlyForDeploymentPostprocessing = 0;
		};
/* End PBXFrameworksBuildPhase section */

/* Begin PBXGroup section */
		79A890732E7582AB0062CD90 /* Frameworks */ = {
			isa = PBXGroup;
			children = (
				79A890742E7582AB0062CD90 /* NetworkExtension.framework */,
			);
			name = Frameworks;
			sourceTree = "<group>";
		};
		85D5C31D2DFD4A0600ABAD64 = {
			isa = PBXGroup;
			children = (
				3AE38F332F58B8450036B059 /* fptn.icon */,
				85D5C3282DFD4A0600ABAD64 /* FptnVPN */,
				85D5C3362DFD4A0800ABAD64 /* FptnVPNTests */,
				85D5C3402DFD4A0800ABAD64 /* FptnVPNUITests */,
				79A890762E7582AB0062CD90 /* FptnVPNTunnel */,
				3AE35AA72F55828B0036B059 /* Fptn-macOS */,
				3AE35AB52F55828E0036B059 /* Fptn-macOSTests */,
				3AE35ABF2F55828E0036B059 /* Fptn-macOSUITests */,
				3AE35AD32F55835C0036B059 /* Fptn-macOS-Tunnel */,
				3AE372742F581FAA0036B059 /* Fptn-tvOS */,
				3AE372822F581FAC0036B059 /* Fptn-tvOSTests */,
				3AE3728C2F581FAC0036B059 /* Fptn-tvOSUITests */,
				3AE372A02F5820150036B059 /* Fptn-tvOS-Tunnel */,
				79A890732E7582AB0062CD90 /* Frameworks */,
				85D5C3272DFD4A0600ABAD64 /* Products */,
				3A410EC82F4CB24300CB1F4E /* fptn.icon */,
			);
			sourceTree = "<group>";
		};
		85D5C3272DFD4A0600ABAD64 /* Products */ = {
			isa = PBXGroup;
			children = (
				85D5C3262DFD4A0600ABAD64 /* FptnVPN.app */,
				85D5C3332DFD4A0800ABAD64 /* FptnVPNTests.xctest */,
				85D5C33D2DFD4A0800ABAD64 /* FptnVPNUITests.xctest */,
				79A890722E7582AB0062CD90 /* FptnVPNTunnel.appex */,
				3AE35AA62F55828B0036B059 /* Fptn-macOS.app */,
				3AE35AB22F55828E0036B059 /* Fptn-macOSTests.xctest */,
				3AE35ABC2F55828E0036B059 /* Fptn-macOSUITests.xctest */,
				3AE35AD12F55835B0036B059 /* Fptn-macOS-Tunnel.appex */,
				3AE372732F581FAA0036B059 /* Fptn-tvOS.app */,
				3AE3727F2F581FAC0036B059 /* Fptn-tvOSTests.xctest */,
				3AE372892F581FAC0036B059 /* Fptn-tvOSUITests.xctest */,
				3AE3729E2F5820150036B059 /* Fptn-tvOS-Tunnel.appex */,
			);
			name = Products;
			sourceTree = "<group>";
		};
/* End PBXGroup section */

/* Begin PBXNativeTarget section */
		3AE35AA52F55828B0036B059 /* Fptn-macOS */ = {
			isa = PBXNativeTarget;
			buildConfigurationList = 3AE35AC42F55828E0036B059 /* Build configuration list for PBXNativeTarget "Fptn-macOS" */;
			buildPhases = (
				3AE35AA22F55828B0036B059 /* Sources */,
				3AE35AA32F55828B0036B059 /* Frameworks */,
				3AE35AA42F55828B0036B059 /* Resources */,
				3AE35AE12F558F5C0036B059 /* Embed Frameworks */,
				3AE35ADF2F55835C0036B059 /* Embed Foundation Extensions */,
			);
			buildRules = (
			);
			dependencies = (
				3AE35AD92F55835C0036B059 /* PBXTargetDependency */,
			);
			fileSystemSynchronizedGroups = (
				3AE35AA72F55828B0036B059 /* Fptn-macOS */,
			);
			name = "Fptn-macOS";
			packageProductDependencies = (
				3AE374242F58379E0036B059 /* FptnSharedCore */,
			);
			productName = "Fptn-macOS";
			productReference = 3AE35AA62F55828B0036B059 /* Fptn-macOS.app */;
			productType = "com.apple.product-type.application";
		};
		3AE35AB12F55828E0036B059 /* Fptn-macOSTests */ = {
			isa = PBXNativeTarget;
			buildConfigurationList = 3AE35AC72F55828E0036B059 /* Build configuration list for PBXNativeTarget "Fptn-macOSTests" */;
			buildPhases = (
				3AE35AAE2F55828E0036B059 /* Sources */,
				3AE35AAF2F55828E0036B059 /* Frameworks */,
				3AE35AB02F55828E0036B059 /* Resources */,
			);
			buildRules = (
			);
			dependencies = (
				3AE35AB42F55828E0036B059 /* PBXTargetDependency */,
			);
			fileSystemSynchronizedGroups = (
				3AE35AB52F55828E0036B059 /* Fptn-macOSTests */,
			);
			name = "Fptn-macOSTests";
			packageProductDependencies = (
			);
			productName = "Fptn-macOSTests";
			productReference = 3AE35AB22F55828E0036B059 /* Fptn-macOSTests.xctest */;
			productType = "com.apple.product-type.bundle.unit-test";
		};
		3AE35ABB2F55828E0036B059 /* Fptn-macOSUITests */ = {
			isa = PBXNativeTarget;
			buildConfigurationList = 3AE35ACA2F55828E0036B059 /* Build configuration list for PBXNativeTarget "Fptn-macOSUITests" */;
			buildPhases = (
				3AE35AB82F55828E0036B059 /* Sources */,
				3AE35AB92F55828E0036B059 /* Frameworks */,
				3AE35ABA2F55828E0036B059 /* Resources */,
			);
			buildRules = (
			);
			dependencies = (
				3AE35ABE2F55828E0036B059 /* PBXTargetDependency */,
			);
			fileSystemSynchronizedGroups = (
				3AE35ABF2F55828E0036B059 /* Fptn-macOSUITests */,
			);
			name = "Fptn-macOSUITests";
			packageProductDependencies = (
			);
			productName = "Fptn-macOSUITests";
			productReference = 3AE35ABC2F55828E0036B059 /* Fptn-macOSUITests.xctest */;
			productType = "com.apple.product-type.bundle.ui-testing";
		};
		3AE35AD02F55835B0036B059 /* Fptn-macOS-Tunnel */ = {
			isa = PBXNativeTarget;
			buildConfigurationList = 3AE35ADC2F55835C0036B059 /* Build configuration list for PBXNativeTarget "Fptn-macOS-Tunnel" */;
			buildPhases = (
				3AE35ACD2F55835B0036B059 /* Sources */,
				3AE35ACE2F55835B0036B059 /* Frameworks */,
				3AE35ACF2F55835B0036B059 /* Resources */,
			);
			buildRules = (
			);
			dependencies = (
			);
			fileSystemSynchronizedGroups = (
				3AE35AD32F55835C0036B059 /* Fptn-macOS-Tunnel */,
			);
			name = "Fptn-macOS-Tunnel";
			packageProductDependencies = (
				3AE374262F58379E0036B059 /* FptnSharedTunnel */,
			);
			productName = "Fptn-macOS-Tunnel";
			productReference = 3AE35AD12F55835B0036B059 /* Fptn-macOS-Tunnel.appex */;
			productType = "com.apple.product-type.app-extension";
		};
		3AE372722F581FAA0036B059 /* Fptn-tvOS */ = {
			isa = PBXNativeTarget;
			buildConfigurationList = 3AE372912F581FAC0036B059 /* Build configuration list for PBXNativeTarget "Fptn-tvOS" */;
			buildPhases = (
				3AF0A1012F6000010036B059 /* ShellScript */,
				3AE3726F2F581FAA0036B059 /* Sources */,
				3AE372702F581FAA0036B059 /* Frameworks */,
				3AE372712F581FAA0036B059 /* Resources */,
				3AE372AC2F5820150036B059 /* Embed Foundation Extensions */,
				3AE388C52F589C350036B059 /* Embed Frameworks */,
			);
			buildRules = (
			);
			dependencies = (
				3AE372A62F5820150036B059 /* PBXTargetDependency */,
			);
			fileSystemSynchronizedGroups = (
				3AE372742F581FAA0036B059 /* Fptn-tvOS */,
			);
			name = "Fptn-tvOS";
			packageProductDependencies = (
				3AE374242F58379E0036B059 /* FptnSharedCore */,
			);
			productName = "Fptn-tvOS";
			productReference = 3AE372732F581FAA0036B059 /* Fptn-tvOS.app */;
			productType = "com.apple.product-type.application";
		};
		3AE3727E2F581FAC0036B059 /* Fptn-tvOSTests */ = {
			isa = PBXNativeTarget;
			buildConfigurationList = 3AE372942F581FAC0036B059 /* Build configuration list for PBXNativeTarget "Fptn-tvOSTests" */;
			buildPhases = (
				3AE3727B2F581FAC0036B059 /* Sources */,
				3AE3727C2F581FAC0036B059 /* Frameworks */,
				3AE3727D2F581FAC0036B059 /* Resources */,
			);
			buildRules = (
			);
			dependencies = (
				3AE372812F581FAC0036B059 /* PBXTargetDependency */,
			);
			fileSystemSynchronizedGroups = (
				3AE372822F581FAC0036B059 /* Fptn-tvOSTests */,
			);
			name = "Fptn-tvOSTests";
			packageProductDependencies = (
			);
			productName = "Fptn-tvOSTests";
			productReference = 3AE3727F2F581FAC0036B059 /* Fptn-tvOSTests.xctest */;
			productType = "com.apple.product-type.bundle.unit-test";
		};
		3AE372882F581FAC0036B059 /* Fptn-tvOSUITests */ = {
			isa = PBXNativeTarget;
			buildConfigurationList = 3AE372972F581FAC0036B059 /* Build configuration list for PBXNativeTarget "Fptn-tvOSUITests" */;
			buildPhases = (
				3AE372852F581FAC0036B059 /* Sources */,
				3AE372862F581FAC0036B059 /* Frameworks */,
				3AE372872F581FAC0036B059 /* Resources */,
			);
			buildRules = (
			);
			dependencies = (
				3AE3728B2F581FAC0036B059 /* PBXTargetDependency */,
			);
			fileSystemSynchronizedGroups = (
				3AE3728C2F581FAC0036B059 /* Fptn-tvOSUITests */,
			);
			name = "Fptn-tvOSUITests";
			packageProductDependencies = (
			);
			productName = "Fptn-tvOSUITests";
			productReference = 3AE372892F581FAC0036B059 /* Fptn-tvOSUITests.xctest */;
			productType = "com.apple.product-type.bundle.ui-testing";
		};
		3AE3729D2F5820150036B059 /* Fptn-tvOS-Tunnel */ = {
			isa = PBXNativeTarget;
			buildConfigurationList = 3AE372A92F5820150036B059 /* Build configuration list for PBXNativeTarget "Fptn-tvOS-Tunnel" */;
			buildPhases = (
				3AF0A1022F6000010036B059 /* ShellScript */,
				3AE3729A2F5820150036B059 /* Sources */,
				3AE3729B2F5820150036B059 /* Frameworks */,
				3AE3729C2F5820150036B059 /* Resources */,
			);
			buildRules = (
			);
			dependencies = (
			);
			fileSystemSynchronizedGroups = (
				3AE372A02F5820150036B059 /* Fptn-tvOS-Tunnel */,
			);
			name = "Fptn-tvOS-Tunnel";
			packageProductDependencies = (
				3AE374242F58379E0036B059 /* FptnSharedCore */,
				3AE374262F58379E0036B059 /* FptnSharedTunnel */,
			);
			productName = "Fptn-tvOS-Tunnel";
			productReference = 3AE3729E2F5820150036B059 /* Fptn-tvOS-Tunnel.appex */;
			productType = "com.apple.product-type.app-extension";
		};
		79A890712E7582AB0062CD90 /* FptnVPNTunnel */ = {
			isa = PBXNativeTarget;
			buildConfigurationList = 79A8907F2E7582AB0062CD90 /* Build configuration list for PBXNativeTarget "FptnVPNTunnel" */;
			buildPhases = (
				3AF0A0012F6000010036B059 /* ShellScript */,
				79A8906E2E7582AB0062CD90 /* Sources */,
				79A8906F2E7582AB0062CD90 /* Frameworks */,
				79A890702E7582AB0062CD90 /* Resources */,
				7994B7FF2E7A299E00624B08 /* Embed Frameworks */,
			);
			buildRules = (
			);
			dependencies = (
			);
			fileSystemSynchronizedGroups = (
				79A890762E7582AB0062CD90 /* FptnVPNTunnel */,
			);
			name = FptnVPNTunnel;
			packageProductDependencies = (
				3AEA9E0D2F4C62880020E4E3 /* Logging */,
				3AE374262F58379E0036B059 /* FptnSharedTunnel */,
			);
			productName = FptnVPNTunnel;
			productReference = 79A890722E7582AB0062CD90 /* FptnVPNTunnel.appex */;
			productType = "com.apple.product-type.app-extension";
		};
		85D5C3252DFD4A0600ABAD64 /* FptnVPN */ = {
			isa = PBXNativeTarget;
			buildConfigurationList = 85D5C3472DFD4A0800ABAD64 /* Build configuration list for PBXNativeTarget "FptnVPN" */;
			buildPhases = (
				85D5C3222DFD4A0600ABAD64 /* Sources */,
				85D5C3232DFD4A0600ABAD64 /* Frameworks */,
				85D5C3242DFD4A0600ABAD64 /* Resources */,
				85D5C3FF2DFD4A0600ABAD64 /* Embed Frameworks */,
				79A890822E7582AB0062CD90 /* Embed Foundation Extensions */,
				3A41D5902F4CBE5900140B4E /* ShellScript */,
			);
			buildRules = (
			);
			dependencies = (
				79A8907C2E7582AB0062CD90 /* PBXTargetDependency */,
			);
			fileSystemSynchronizedGroups = (
				85D5C3282DFD4A0600ABAD64 /* FptnVPN */,
			);
			name = FptnVPN;
			packageProductDependencies = (
				3AEA9E0A2F4C62880020E4E3 /* Logging */,
				3AE374242F58379E0036B059 /* FptnSharedCore */,
			);
			productName = FptnVPN;
			productReference = 85D5C3262DFD4A0600ABAD64 /* FptnVPN.app */;
			productType = "com.apple.product-type.application";
		};
		85D5C3322DFD4A0800ABAD64 /* FptnVPNTests */ = {
			isa = PBXNativeTarget;
			buildConfigurationList = 85D5C34A2DFD4A0800ABAD64 /* Build configuration list for PBXNativeTarget "FptnVPNTests" */;
			buildPhases = (
				85D5C32F2DFD4A0800ABAD64 /* Sources */,
				85D5C3302DFD4A0800ABAD64 /* Frameworks */,
				85D5C3312DFD4A0800ABAD64 /* Resources */,
			);
			buildRules = (
			);
			dependencies = (
				85D5C3352DFD4A0800ABAD64 /* PBXTargetDependency */,
			);
			fileSystemSynchronizedGroups = (
				85D5C3362DFD4A0800ABAD64 /* FptnVPNTests */,
			);
			name = FptnVPNTests;
			packageProductDependencies = (
			);
			productName = FptnVPNTests;
			productReference = 85D5C3332DFD4A0800ABAD64 /* FptnVPNTests.xctest */;
			productType = "com.apple.product-type.bundle.unit-test";
		};
		85D5C33C2DFD4A0800ABAD64 /* FptnVPNUITests */ = {
			isa = PBXNativeTarget;
			buildConfigurationList = 85D5C34D2DFD4A0800ABAD64 /* Build configuration list for PBXNativeTarget "FptnVPNUITests" */;
			buildPhases = (
				85D5C3392DFD4A0800ABAD64 /* Sources */,
				85D5C33A2DFD4A0800ABAD64 /* Frameworks */,
				85D5C33B2DFD4A0800ABAD64 /* Resources */,
			);
			buildRules = (
			);
			dependencies = (
				85D5C33F2DFD4A0800ABAD64 /* PBXTargetDependency */,
			);
			fileSystemSynchronizedGroups = (
				85D5C3402DFD4A0800ABAD64 /* FptnVPNUITests */,
			);
			name = FptnVPNUITests;
			packageProductDependencies = (
			);
			productName = FptnVPNUITests;
			productReference = 85D5C33D2DFD4A0800ABAD64 /* FptnVPNUITests.xctest */;
			productType = "com.apple.product-type.bundle.ui-testing";
		};
/* End PBXNativeTarget section */

/* Begin PBXProject section */
		85D5C31E2DFD4A0600ABAD64 /* Project object */ = {
			isa = PBXProject;
			attributes = {
				BuildIndependentTargetsInParallel = 1;
				LastSwiftUpdateCheck = 2640;
				LastUpgradeCheck = 2640;
				TargetAttributes = {
					3AE35AA52F55828B0036B059 = {
						CreatedOnToolsVersion = 26.4;
					};
					3AE35AB12F55828E0036B059 = {
						CreatedOnToolsVersion = 26.4;
						TestTargetID = 3AE35AA52F55828B0036B059;
					};
					3AE35ABB2F55828E0036B059 = {
						CreatedOnToolsVersion = 26.4;
						TestTargetID = 3AE35AA52F55828B0036B059;
					};
					3AE35AD02F55835B0036B059 = {
						CreatedOnToolsVersion = 26.4;
					};
					3AE372722F581FAA0036B059 = {
						CreatedOnToolsVersion = 26.4;
					};
					3AE3727E2F581FAC0036B059 = {
						CreatedOnToolsVersion = 26.4;
						TestTargetID = 3AE372722F581FAA0036B059;
					};
					3AE372882F581FAC0036B059 = {
						CreatedOnToolsVersion = 26.4;
						TestTargetID = 3AE372722F581FAA0036B059;
					};
					3AE3729D2F5820150036B059 = {
						CreatedOnToolsVersion = 26.4;
					};
					79A890712E7582AB0062CD90 = {
						CreatedOnToolsVersion = 16.4;
					};
					85D5C3252DFD4A0600ABAD64 = {
						CreatedOnToolsVersion = 16.4;
						LastSwiftMigration = 1640;
					};
					85D5C3322DFD4A0800ABAD64 = {
						CreatedOnToolsVersion = 16.4;
						TestTargetID = 85D5C3252DFD4A0600ABAD64;
					};
					85D5C33C2DFD4A0800ABAD64 = {
						CreatedOnToolsVersion = 16.4;
						TestTargetID = 85D5C3252DFD4A0600ABAD64;
					};
				};
			};
			buildConfigurationList = 85D5C3212DFD4A0600ABAD64 /* Build configuration list for PBXProject "FptnVPN" */;
			developmentRegion = en;
			hasScannedForEncodings = 0;
			knownRegions = (
				en,
				Base,
			);
			mainGroup = 85D5C31D2DFD4A0600ABAD64;
			minimizedProjectReferenceProxies = 1;
			packageReferences = (
				3AEA9E092F4C62880020E4E3 /* XCRemoteSwiftPackageReference "swift-log" */,
				3AE374232F58379E0036B059 /* XCRemoteSwiftPackageReference "FptnShared" */,
			);
			preferredProjectObjectVersion = 77;
			productRefGroup = 85D5C3272DFD4A0600ABAD64 /* Products */;
			projectDirPath = "";
			projectRoot = "";
			targets = (
				85D5C3252DFD4A0600ABAD64 /* FptnVPN */,
				85D5C3322DFD4A0800ABAD64 /* FptnVPNTests */,
				85D5C33C2DFD4A0800ABAD64 /* FptnVPNUITests */,
				79A890712E7582AB0062CD90 /* FptnVPNTunnel */,
				3AE35AA52F55828B0036B059 /* Fptn-macOS */,
				3AE35AB12F55828E0036B059 /* Fptn-macOSTests */,
				3AE35ABB2F55828E0036B059 /* Fptn-macOSUITests */,
				3AE35AD02F55835B0036B059 /* Fptn-macOS-Tunnel */,
				3AE372722F581FAA0036B059 /* Fptn-tvOS */,
				3AE3727E2F581FAC0036B059 /* Fptn-tvOSTests */,
				3AE372882F581FAC0036B059 /* Fptn-tvOSUITests */,
				3AE3729D2F5820150036B059 /* Fptn-tvOS-Tunnel */,
			);
		};
/* End PBXProject section */

/* Begin PBXResourcesBuildPhase section */
		3AE35AA42F55828B0036B059 /* Resources */ = {
			isa = PBXResourcesBuildPhase;
			buildActionMask = 2147483647;
			files = (
				3AE38F362F58B8450036B059 /* fptn.icon in Resources */,
			);
			runOnlyForDeploymentPostprocessing = 0;
		};
		3AE35AB02F55828E0036B059 /* Resources */ = {
			isa = PBXResourcesBuildPhase;
			buildActionMask = 2147483647;
			files = (
			);
			runOnlyForDeploymentPostprocessing = 0;
		};
		3AE35ABA2F55828E0036B059 /* Resources */ = {
			isa = PBXResourcesBuildPhase;
			buildActionMask = 2147483647;
			files = (
			);
			runOnlyForDeploymentPostprocessing = 0;
		};
		3AE35ACF2F55835B0036B059 /* Resources */ = {
			isa = PBXResourcesBuildPhase;
			buildActionMask = 2147483647;
			files = (
			);
			runOnlyForDeploymentPostprocessing = 0;
		};
		3AE372712F581FAA0036B059 /* Resources */ = {
			isa = PBXResourcesBuildPhase;
			buildActionMask = 2147483647;
			files = (
				3AE38F352F58B8450036B059 /* fptn.icon in Resources */,
			);
			runOnlyForDeploymentPostprocessing = 0;
		};
		3AE3727D2F581FAC0036B059 /* Resources */ = {
			isa = PBXResourcesBuildPhase;
			buildActionMask = 2147483647;
			files = (
			);
			runOnlyForDeploymentPostprocessing = 0;
		};
		3AE372872F581FAC0036B059 /* Resources */ = {
			isa = PBXResourcesBuildPhase;
			buildActionMask = 2147483647;
			files = (
			);
			runOnlyForDeploymentPostprocessing = 0;
		};
		3AE3729C2F5820150036B059 /* Resources */ = {
			isa = PBXResourcesBuildPhase;
			buildActionMask = 2147483647;
			files = (
			);
			runOnlyForDeploymentPostprocessing = 0;
		};
		79A890702E7582AB0062CD90 /* Resources */ = {
			isa = PBXResourcesBuildPhase;
			buildActionMask = 2147483647;
			files = (
			);
			runOnlyForDeploymentPostprocessing = 0;
		};
		85D5C3242DFD4A0600ABAD64 /* Resources */ = {
			isa = PBXResourcesBuildPhase;
			buildActionMask = 2147483647;
			files = (
				3A410EC92F4CB24300CB1F4E /* fptn.icon in Resources */,
				3AE38F342F58B8450036B059 /* fptn.icon in Resources */,
			);
			runOnlyForDeploymentPostprocessing = 0;
		};
		85D5C3312DFD4A0800ABAD64 /* Resources */ = {
			isa = PBXResourcesBuildPhase;
			buildActionMask = 2147483647;
			files = (
			);
			runOnlyForDeploymentPostprocessing = 0;
		};
		85D5C33B2DFD4A0800ABAD64 /* Resources */ = {
			isa = PBXResourcesBuildPhase;
			buildActionMask = 2147483647;
			files = (
			);
			runOnlyForDeploymentPostprocessing = 0;
		};
/* End PBXResourcesBuildPhase section */

/* Begin PBXShellScriptBuildPhase section */
		3A41D5902F4CBE5900140B4E /* ShellScript */ = {
			isa = PBXShellScriptBuildPhase;
			buildActionMask = 2147483647;
			files = (
			);
			inputFileListPaths = (
			);
			inputPaths = (
			);
			outputFileListPaths = (
			);
			outputPaths = (
			);
			runOnlyForDeploymentPostprocessing = 0;
			shellPath = /bin/sh;
			shellScript = "set -e\n\n# Keep the linked framework path stable while selecting the correct slice for the active SDK.\nFRAMEWORK_DST=\"${SRCROOT}/FptnVPN/Cpp/fptn_native_lib.framework\"\n\ncase \"${PLATFORM_NAME}\" in\n  iphonesimulator)\n    FRAMEWORK_SRC=\"${SRCROOT}/FptnLib/build-simulator/fptn_native_lib.framework\"\n    DSYM_SRC=\"${SRCROOT}/FptnLib/build-simulator/fptn_native_lib.framework.dSYM\"\n    ;;\n  iphoneos)\n    if [ -d \"${SRCROOT}/FptnLib/build-ios-release/fptn_native_lib.framework\" ]; then\n      FRAMEWORK_SRC=\"${SRCROOT}/FptnLib/build-ios-release/fptn_native_lib.framework\"\n    else\n      FRAMEWORK_SRC=\"${SRCROOT}/FptnLib/build-ios/fptn_native_lib.framework\"\n    fi\n\n    if [ -d \"${SRCROOT}/FptnLib/build-ios-release/fptn_native_lib.framework.dSYM\" ]; then\n      DSYM_SRC=\"${SRCROOT}/FptnLib/build-ios-release/fptn_native_lib.framework.dSYM\"\n    else\n      DSYM_SRC=\"${SRCROOT}/FptnLib/build-ios/fptn_native_lib.framework.dSYM\"\n    fi\n    ;;\n  *)\n    FRAMEWORK_SRC=\"\"\n    DSYM_SRC=\"\"\n    ;;\nesac\n\nif [ -n \"${FRAMEWORK_SRC}\" ] && [ -d \"${FRAMEWORK_SRC}\" ]; then\n  rm -rf \"${FRAMEWORK_DST}\"\n  cp -R \"${FRAMEWORK_SRC}\" \"${FRAMEWORK_DST}\"\nelse\n  echo \"warning: fptn_native_lib framework slice not found for PLATFORM_NAME=${PLATFORM_NAME}\"\nfi\n\nif [ -n \"${DSYM_SRC}\" ] && [ -d \"${DSYM_SRC}\" ] && [ -n \"${DWARF_DSYM_FOLDER_PATH:-}\" ]; then\n  rm -rf \"${DWARF_DSYM_FOLDER_PATH}/$(basename \"${DSYM_SRC}\")\"\n  cp -R \"${DSYM_SRC}\" \"${DWARF_DSYM_FOLDER_PATH}/\"\nfi\n";
		};
		3AF0A0012F6000010036B059 /* ShellScript */ = {
			isa = PBXShellScriptBuildPhase;
			buildActionMask = 2147483647;
			files = (
			);
			inputFileListPaths = (
			);
			inputPaths = (
				"$(SRCROOT)/FptnLib/build-ios/fptn_native_lib.framework",
				"$(SRCROOT)/FptnLib/build-ios-release/fptn_native_lib.framework",
				"$(SRCROOT)/FptnLib/build-simulator/fptn_native_lib.framework",
			);
			outputFileListPaths = (
			);
			outputPaths = (
			);
			runOnlyForDeploymentPostprocessing = 0;
			shellPath = /bin/sh;
			shellScript = "set -e\n\nFRAMEWORK_DST=\"${SRCROOT}/FptnVPN/Cpp/fptn_native_lib.framework\"\n\ncase \"${PLATFORM_NAME}\" in\n  iphonesimulator)\n    FRAMEWORK_SRC=\"${SRCROOT}/FptnLib/build-simulator/fptn_native_lib.framework\"\n    ;;\n  iphoneos)\n    if [ -d \"${SRCROOT}/FptnLib/build-ios-release/fptn_native_lib.framework\" ]; then\n      FRAMEWORK_SRC=\"${SRCROOT}/FptnLib/build-ios-release/fptn_native_lib.framework\"\n    else\n      FRAMEWORK_SRC=\"${SRCROOT}/FptnLib/build-ios/fptn_native_lib.framework\"\n    fi\n    ;;\n  *)\n    FRAMEWORK_SRC=\"\"\n    ;;\nesac\n\nif [ -n \"${FRAMEWORK_SRC}\" ] && [ -d \"${FRAMEWORK_SRC}\" ]; then\n  rm -rf \"${FRAMEWORK_DST}\"\n  cp -R \"${FRAMEWORK_SRC}\" \"${FRAMEWORK_DST}\"\nfi\n";
		};
		3AF0A1012F6000010036B059 /* ShellScript */ = {
			isa = PBXShellScriptBuildPhase;
			buildActionMask = 2147483647;
			files = (
			);
			inputFileListPaths = (
			);
			inputPaths = (
				"$(SRCROOT)/FptnLib/build-tvos/fptn_native_lib.framework",
				"$(SRCROOT)/FptnLib/build-tvos-simulator/fptn_native_lib.framework",
			);
			outputFileListPaths = (
			);
			outputPaths = (
				"$(SRCROOT)/Fptn-tvOS/Cpp/fptn_native_lib.framework",
			);
			runOnlyForDeploymentPostprocessing = 0;
			shellPath = /bin/sh;
			shellScript = "set -e\n\nFRAMEWORK_DST=\"${SRCROOT}/Fptn-tvOS/Cpp/fptn_native_lib.framework\"\n\ncase \"${PLATFORM_NAME}\" in\n  appletvsimulator)\n    FRAMEWORK_SRC=\"${SRCROOT}/FptnLib/build-tvos-simulator/fptn_native_lib.framework\"\n    ;;\n  appletvos)\n    FRAMEWORK_SRC=\"${SRCROOT}/FptnLib/build-tvos/fptn_native_lib.framework\"\n    ;;\n  *)\n    FRAMEWORK_SRC=\"\"\n    ;;\nesac\n\nif [ -n \"${FRAMEWORK_SRC}\" ] && [ -d \"${FRAMEWORK_SRC}\" ]; then\n  rm -rf \"${FRAMEWORK_DST}\"\n  mkdir -p \"${SRCROOT}/Fptn-tvOS/Cpp\"\n  cp -R \"${FRAMEWORK_SRC}\" \"${FRAMEWORK_DST}\"\nfi\n";
		};
		3AF0A1022F6000010036B059 /* ShellScript */ = {
			isa = PBXShellScriptBuildPhase;
			buildActionMask = 2147483647;
			files = (
			);
			inputFileListPaths = (
			);
			inputPaths = (
				"$(SRCROOT)/FptnLib/build-tvos/fptn_native_lib.framework",
				"$(SRCROOT)/FptnLib/build-tvos-simulator/fptn_native_lib.framework",
			);
			outputFileListPaths = (
			);
			outputPaths = (
				"$(SRCROOT)/Fptn-tvOS-Tunnel/Cpp/fptn_native_lib.framework",
			);
			runOnlyForDeploymentPostprocessing = 0;
			shellPath = /bin/sh;
			shellScript = "set -e\n\nFRAMEWORK_DST=\"${SRCROOT}/Fptn-tvOS-Tunnel/Cpp/fptn_native_lib.framework\"\n\ncase \"${PLATFORM_NAME}\" in\n  appletvsimulator)\n    FRAMEWORK_SRC=\"${SRCROOT}/FptnLib/build-tvos-simulator/fptn_native_lib.framework\"\n    ;;\n  appletvos)\n    FRAMEWORK_SRC=\"${SRCROOT}/FptnLib/build-tvos/fptn_native_lib.framework\"\n    ;;\n  *)\n    FRAMEWORK_SRC=\"\"\n    ;;\nesac\n\nif [ -n \"${FRAMEWORK_SRC}\" ] && [ -d \"${FRAMEWORK_SRC}\" ]; then\n  rm -rf \"${FRAMEWORK_DST}\"\n  mkdir -p \"${SRCROOT}/Fptn-tvOS-Tunnel/Cpp\"\n  cp -R \"${FRAMEWORK_SRC}\" \"${FRAMEWORK_DST}\"\nfi\n";
		};
/* End PBXShellScriptBuildPhase section */

/* Begin PBXSourcesBuildPhase section */
		3AE35AA22F55828B0036B059 /* Sources */ = {
			isa = PBXSourcesBuildPhase;
			buildActionMask = 2147483647;
			files = (
			);
			runOnlyForDeploymentPostprocessing = 0;
		};
		3AE35AAE2F55828E0036B059 /* Sources */ = {
			isa = PBXSourcesBuildPhase;
			buildActionMask = 2147483647;
			files = (
			);
			runOnlyForDeploymentPostprocessing = 0;
		};
		3AE35AB82F55828E0036B059 /* Sources */ = {
			isa = PBXSourcesBuildPhase;
			buildActionMask = 2147483647;
			files = (
			);
			runOnlyForDeploymentPostprocessing = 0;
		};
		3AE35ACD2F55835B0036B059 /* Sources */ = {
			isa = PBXSourcesBuildPhase;
			buildActionMask = 2147483647;
			files = (
			);
			runOnlyForDeploymentPostprocessing = 0;
		};
		3AE3726F2F581FAA0036B059 /* Sources */ = {
			isa = PBXSourcesBuildPhase;
			buildActionMask = 2147483647;
			files = (
			);
			runOnlyForDeploymentPostprocessing = 0;
		};
		3AE3727B2F581FAC0036B059 /* Sources */ = {
			isa = PBXSourcesBuildPhase;
			buildActionMask = 2147483647;
			files = (
			);
			runOnlyForDeploymentPostprocessing = 0;
		};
		3AE372852F581FAC0036B059 /* Sources */ = {
			isa = PBXSourcesBuildPhase;
			buildActionMask = 2147483647;
			files = (
			);
			runOnlyForDeploymentPostprocessing = 0;
		};
		3AE3729A2F5820150036B059 /* Sources */ = {
			isa = PBXSourcesBuildPhase;
			buildActionMask = 2147483647;
			files = (
			);
			runOnlyForDeploymentPostprocessing = 0;
		};
		79A8906E2E7582AB0062CD90 /* Sources */ = {
			isa = PBXSourcesBuildPhase;
			buildActionMask = 2147483647;
			files = (
			);
			runOnlyForDeploymentPostprocessing = 0;
		};
		85D5C3222DFD4A0600ABAD64 /* Sources */ = {
			isa = PBXSourcesBuildPhase;
			buildActionMask = 2147483647;
			files = (
			);
			runOnlyForDeploymentPostprocessing = 0;
		};
		85D5C32F2DFD4A0800ABAD64 /* Sources */ = {
			isa = PBXSourcesBuildPhase;
			buildActionMask = 2147483647;
			files = (
			);
			runOnlyForDeploymentPostprocessing = 0;
		};
		85D5C3392DFD4A0800ABAD64 /* Sources */ = {
			isa = PBXSourcesBuildPhase;
			buildActionMask = 2147483647;
			files = (
			);
			runOnlyForDeploymentPostprocessing = 0;
		};
/* End PBXSourcesBuildPhase section */

/* Begin PBXTargetDependency section */
		3AE35AB42F55828E0036B059 /* PBXTargetDependency */ = {
			isa = PBXTargetDependency;
			target = 3AE35AA52F55828B0036B059 /* Fptn-macOS */;
			targetProxy = 3AE35AB32F55828E0036B059 /* PBXContainerItemProxy */;
		};
		3AE35ABE2F55828E0036B059 /* PBXTargetDependency */ = {
			isa = PBXTargetDependency;
			target = 3AE35AA52F55828B0036B059 /* Fptn-macOS */;
			targetProxy = 3AE35ABD2F55828E0036B059 /* PBXContainerItemProxy */;
		};
		3AE35AD92F55835C0036B059 /* PBXTargetDependency */ = {
			isa = PBXTargetDependency;
			target = 3AE35AD02F55835B0036B059 /* Fptn-macOS-Tunnel */;
			targetProxy = 3AE35AD82F55835C0036B059 /* PBXContainerItemProxy */;
		};
		3AE372812F581FAC0036B059 /* PBXTargetDependency */ = {
			isa = PBXTargetDependency;
			target = 3AE372722F581FAA0036B059 /* Fptn-tvOS */;
			targetProxy = 3AE372802F581FAC0036B059 /* PBXContainerItemProxy */;
		};
		3AE3728B2F581FAC0036B059 /* PBXTargetDependency */ = {
			isa = PBXTargetDependency;
			target = 3AE372722F581FAA0036B059 /* Fptn-tvOS */;
			targetProxy = 3AE3728A2F581FAC0036B059 /* PBXContainerItemProxy */;
		};
		3AE372A62F5820150036B059 /* PBXTargetDependency */ = {
			isa = PBXTargetDependency;
			target = 3AE3729D2F5820150036B059 /* Fptn-tvOS-Tunnel */;
			targetProxy = 3AE372A52F5820150036B059 /* PBXContainerItemProxy */;
		};
		79A8907C2E7582AB0062CD90 /* PBXTargetDependency */ = {
			isa = PBXTargetDependency;
			target = 79A890712E7582AB0062CD90 /* FptnVPNTunnel */;
			targetProxy = 79A8907B2E7582AB0062CD90 /* PBXContainerItemProxy */;
		};
		85D5C3352DFD4A0800ABAD64 /* PBXTargetDependency */ = {
			isa = PBXTargetDependency;
			target = 85D5C3252DFD4A0600ABAD64 /* FptnVPN */;
			targetProxy = 85D5C3342DFD4A0800ABAD64 /* PBXContainerItemProxy */;
		};
		85D5C33F2DFD4A0800ABAD64 /* PBXTargetDependency */ = {
			isa = PBXTargetDependency;
			target = 85D5C3252DFD4A0600ABAD64 /* FptnVPN */;
			targetProxy = 85D5C33E2DFD4A0800ABAD64 /* PBXContainerItemProxy */;
		};
/* End PBXTargetDependency section */

/* Begin XCBuildConfiguration section */
		3AE35AC52F55828E0036B059 /* Debug */ = {
			isa = XCBuildConfiguration;
			buildSettings = {
				ALWAYS_SEARCH_USER_PATHS = NO;
				ASSETCATALOG_COMPILER_APPICON_NAME = fptn;
				ASSETCATALOG_COMPILER_GLOBAL_ACCENT_COLOR_NAME = AccentColor;
				CODE_SIGN_ENTITLEMENTS = "Fptn-macOS/Fptn_macOS.entitlements";
				CODE_SIGN_STYLE = Automatic;
				COMBINE_HIDPI_IMAGES = YES;
				CURRENT_PROJECT_VERSION = 1;
				DEVELOPMENT_TEAM = F6YA6B56LR;
				ENABLE_APP_SANDBOX = YES;
				ENABLE_HARDENED_RUNTIME = YES;
				ENABLE_PREVIEWS = YES;
				ENABLE_USER_SCRIPT_SANDBOXING = NO;
				ENABLE_USER_SELECTED_FILES = readonly;
				EXCLUDED_ARCHS = x86_64;
				FRAMEWORK_SEARCH_PATHS = "$(PROJECT_DIR)/Fptn-macOS/Cpp";
				GENERATE_INFOPLIST_FILE = YES;
				INFOPLIST_KEY_NSHumanReadableCopyright = "2026, Alexandr Shabelnikov";
				LD_RUNPATH_SEARCH_PATHS = "@executable_path/../Frameworks";
				MACOSX_DEPLOYMENT_TARGET = 13.0;
				MARKETING_VERSION = 1.0;
				OTHER_LDFLAGS = (
					"-framework",
					fptn_native_lib,
				);
				PRODUCT_BUNDLE_IDENTIFIER = "net.mrmidi.Fptn-macOS";
				PRODUCT_NAME = "$(TARGET_NAME)";
				REGISTER_APP_GROUPS = YES;
				SDKROOT = macosx;
				STRING_CATALOG_GENERATE_SYMBOLS = YES;
				SWIFT_APPROACHABLE_CONCURRENCY = YES;
				SWIFT_DEFAULT_ACTOR_ISOLATION = MainActor;
				SWIFT_EMIT_LOC_STRINGS = YES;
				SWIFT_OBJC_BRIDGING_HEADER = "Fptn-macOS/Cpp/Fptn_macOS-Bridging-Header.h";
				SWIFT_UPCOMING_FEATURE_MEMBER_IMPORT_VISIBILITY = YES;
				SWIFT_VERSION = 6.0;
			};
			name = Debug;
		};
		3AE35AC62F55828E0036B059 /* Release */ = {
			isa = XCBuildConfiguration;
			buildSettings = {
				ALWAYS_SEARCH_USER_PATHS = NO;
				ASSETCATALOG_COMPILER_APPICON_NAME = fptn;
				ASSETCATALOG_COMPILER_GLOBAL_ACCENT_COLOR_NAME = AccentColor;
				CODE_SIGN_ENTITLEMENTS = "Fptn-macOS/Fptn_macOS.entitlements";
				CODE_SIGN_STYLE = Automatic;
				COMBINE_HIDPI_IMAGES = YES;
				CURRENT_PROJECT_VERSION = 1;
				DEVELOPMENT_TEAM = F6YA6B56LR;
				ENABLE_APP_SANDBOX = YES;
				ENABLE_HARDENED_RUNTIME = YES;
				ENABLE_PREVIEWS = YES;
				ENABLE_USER_SCRIPT_SANDBOXING = NO;
				ENABLE_USER_SELECTED_FILES = readonly;
				EXCLUDED_ARCHS = x86_64;
				FRAMEWORK_SEARCH_PATHS = "$(PROJECT_DIR)/Fptn-macOS/Cpp";
				GENERATE_INFOPLIST_FILE = YES;
				INFOPLIST_KEY_NSHumanReadableCopyright = "2026, Alexandr Shabelnikov";
				LD_RUNPATH_SEARCH_PATHS = "@executable_path/../Frameworks";
				MACOSX_DEPLOYMENT_TARGET = 13.0;
				MARKETING_VERSION = 1.0;
				ONLY_ACTIVE_ARCH = YES;
				OTHER_LDFLAGS = (
					"-framework",
					fptn_native_lib,
				);
				PRODUCT_BUNDLE_IDENTIFIER = "net.mrmidi.Fptn-macOS";
				PRODUCT_NAME = "$(TARGET_NAME)";
				REGISTER_APP_GROUPS = YES;
				SDKROOT = macosx;
				STRING_CATALOG_GENERATE_SYMBOLS = YES;
				SWIFT_APPROACHABLE_CONCURRENCY = YES;
				SWIFT_DEFAULT_ACTOR_ISOLATION = MainActor;
				SWIFT_EMIT_LOC_STRINGS = YES;
				SWIFT_OBJC_BRIDGING_HEADER = "Fptn-macOS/Cpp/Fptn_macOS-Bridging-Header.h";
				SWIFT_UPCOMING_FEATURE_MEMBER_IMPORT_VISIBILITY = YES;
				SWIFT_VERSION = 6.0;
			};
			name = Release;
		};
		3AE35AC82F55828E0036B059 /* Debug */ = {
			isa = XCBuildConfiguration;
			buildSettings = {
				ALWAYS_SEARCH_USER_PATHS = NO;
				BUNDLE_LOADER = "$(TEST_HOST)";
				CODE_SIGN_STYLE = Automatic;
				CURRENT_PROJECT_VERSION = 1;
				DEVELOPMENT_TEAM = F6YA6B56LR;
				ENABLE_USER_SCRIPT_SANDBOXING = NO;
				GENERATE_INFOPLIST_FILE = YES;
				MACOSX_DEPLOYMENT_TARGET = 13.0;
				MARKETING_VERSION = 1.0;
				PRODUCT_BUNDLE_IDENTIFIER = "net.mrmidi.Fptn-macOSTests";
				PRODUCT_NAME = "$(TARGET_NAME)";
				SDKROOT = macosx;
				STRING_CATALOG_GENERATE_SYMBOLS = NO;
				SWIFT_APPROACHABLE_CONCURRENCY = YES;
				SWIFT_EMIT_LOC_STRINGS = NO;
				SWIFT_UPCOMING_FEATURE_MEMBER_IMPORT_VISIBILITY = YES;
				SWIFT_VERSION = 6.0;
				TEST_HOST = "$(BUILT_PRODUCTS_DIR)/Fptn-macOS.app/$(BUNDLE_EXECUTABLE_FOLDER_PATH)/Fptn-macOS";
			};
			name = Debug;
		};
		3AE35AC92F55828E0036B059 /* Release */ = {
			isa = XCBuildConfiguration;
			buildSettings = {
				ALWAYS_SEARCH_USER_PATHS = NO;
				BUNDLE_LOADER = "$(TEST_HOST)";
				CODE_SIGN_STYLE = Automatic;
				CURRENT_PROJECT_VERSION = 1;
				DEVELOPMENT_TEAM = F6YA6B56LR;
				ENABLE_USER_SCRIPT_SANDBOXING = NO;
				GENERATE_INFOPLIST_FILE = YES;
				MACOSX_DEPLOYMENT_TARGET = 13.0;
				MARKETING_VERSION = 1.0;
				ONLY_ACTIVE_ARCH = YES;
				PRODUCT_BUNDLE_IDENTIFIER = "net.mrmidi.Fptn-macOSTests";
				PRODUCT_NAME = "$(TARGET_NAME)";
				SDKROOT = macosx;
				STRING_CATALOG_GENERATE_SYMBOLS = NO;
				SWIFT_APPROACHABLE_CONCURRENCY = YES;
				SWIFT_EMIT_LOC_STRINGS = NO;
				SWIFT_UPCOMING_FEATURE_MEMBER_IMPORT_VISIBILITY = YES;
				SWIFT_VERSION = 6.0;
				TEST_HOST = "$(BUILT_PRODUCTS_DIR)/Fptn-macOS.app/$(BUNDLE_EXECUTABLE_FOLDER_PATH)/Fptn-macOS";
			};
			name = Release;
		};
		3AE35ACB2F55828E0036B059 /* Debug */ = {
			isa = XCBuildConfiguration;
			buildSettings = {
				ALWAYS_SEARCH_USER_PATHS = NO;
				CODE_SIGN_STYLE = Automatic;
				CURRENT_PROJECT_VERSION = 1;
				DEVELOPMENT_TEAM = F6YA6B56LR;
				ENABLE_USER_SCRIPT_SANDBOXING = NO;
				GENERATE_INFOPLIST_FILE = YES;
				MACOSX_DEPLOYMENT_TARGET = 13.0;
				MARKETING_VERSION = 1.0;
				PRODUCT_BUNDLE_IDENTIFIER = "net.mrmidi.Fptn-macOSUITests";
				PRODUCT_NAME = "$(TARGET_NAME)";
				SDKROOT = macosx;
				STRING_CATALOG_GENERATE_SYMBOLS = NO;
				SWIFT_APPROACHABLE_CONCURRENCY = YES;
				SWIFT_EMIT_LOC_STRINGS = NO;
				SWIFT_UPCOMING_FEATURE_MEMBER_IMPORT_VISIBILITY = YES;
				SWIFT_VERSION = 6.0;
				TEST_TARGET_NAME = "Fptn-macOS";
			};
			name = Debug;
		};
		3AE35ACC2F55828E0036B059 /* Release */ = {
			isa = XCBuildConfiguration;
			buildSettings = {
				ALWAYS_SEARCH_USER_PATHS = NO;
				CODE_SIGN_STYLE = Automatic;
				CURRENT_PROJECT_VERSION = 1;
				DEVELOPMENT_TEAM = F6YA6B56LR;
				ENABLE_USER_SCRIPT_SANDBOXING = NO;
				GENERATE_INFOPLIST_FILE = YES;
				MACOSX_DEPLOYMENT_TARGET = 13.0;
				MARKETING_VERSION = 1.0;
				PRODUCT_BUNDLE_IDENTIFIER = "net.mrmidi.Fptn-macOSUITests";
				PRODUCT_NAME = "$(TARGET_NAME)";
				SDKROOT = macosx;
				STRING_CATALOG_GENERATE_SYMBOLS = NO;
				SWIFT_APPROACHABLE_CONCURRENCY = YES;
				SWIFT_EMIT_LOC_STRINGS = NO;
				SWIFT_UPCOMING_FEATURE_MEMBER_IMPORT_VISIBILITY = YES;
				SWIFT_VERSION = 6.0;
				TEST_TARGET_NAME = "Fptn-macOS";
			};
			name = Release;
		};
		3AE35ADD2F55835C0036B059 /* Debug */ = {
			isa = XCBuildConfiguration;
			buildSettings = {
				ALWAYS_SEARCH_USER_PATHS = NO;
				CODE_SIGN_ENTITLEMENTS = "Fptn-macOS-Tunnel/Fptn_macOS_Tunnel.entitlements";
				CODE_SIGN_STYLE = Automatic;
				CURRENT_PROJECT_VERSION = 1;
				DEVELOPMENT_TEAM = F6YA6B56LR;
				ENABLE_APP_SANDBOX = YES;
				ENABLE_HARDENED_RUNTIME = YES;
				ENABLE_USER_SCRIPT_SANDBOXING = NO;
				EXCLUDED_ARCHS = x86_64;
				FRAMEWORK_SEARCH_PATHS = (
					"$(PROJECT_DIR)/Fptn-macOS/Cpp",
					"$(PROJECT_DIR)/Fptn-macOS-Tunnel/Cpp",
				);
				GENERATE_INFOPLIST_FILE = YES;
				INFOPLIST_FILE = "Fptn-macOS-Tunnel/Info.plist";
				INFOPLIST_KEY_CFBundleDisplayName = "Fptn-macOS-Tunnel";
				INFOPLIST_KEY_NSHumanReadableCopyright = "";
				LD_RUNPATH_SEARCH_PATHS = (
					"$(inherited)",
					"@executable_path/../Frameworks",
					"@executable_path/../../../../Frameworks",
				);
				MACOSX_DEPLOYMENT_TARGET = 13.0;
				MARKETING_VERSION = 1.0;
				ONLY_ACTIVE_ARCH = YES;
				OTHER_LDFLAGS = (
					"$(inherited)",
					"-framework",
					fptn_native_lib,
				);
				PRODUCT_BUNDLE_IDENTIFIER = "net.mrmidi.Fptn-macOS.Fptn-macOS-Tunnel";
				PRODUCT_NAME = "$(TARGET_NAME)";
				SDKROOT = macosx;
				SKIP_INSTALL = YES;
				STRING_CATALOG_GENERATE_SYMBOLS = YES;
				SWIFT_APPROACHABLE_CONCURRENCY = YES;
				SWIFT_EMIT_LOC_STRINGS = YES;
				SWIFT_OBJC_BRIDGING_HEADER = "Fptn-macOS-Tunnel/Cpp/Fptn_macOS_Tunnel-Bridging-Header.h";
				SWIFT_UPCOMING_FEATURE_MEMBER_IMPORT_VISIBILITY = YES;
				SWIFT_VERSION = 6.0;
			};
			name = Debug;
		};
		3AE35ADE2F55835C0036B059 /* Release */ = {
			isa = XCBuildConfiguration;
			buildSettings = {
				ALWAYS_SEARCH_USER_PATHS = NO;
				CODE_SIGN_ENTITLEMENTS = "Fptn-macOS-Tunnel/Fptn_macOS_Tunnel.entitlements";
				CODE_SIGN_STYLE = Automatic;
				CURRENT_PROJECT_VERSION = 1;
				DEVELOPMENT_TEAM = F6YA6B56LR;
				ENABLE_APP_SANDBOX = YES;
				ENABLE_HARDENED_RUNTIME = YES;
				ENABLE_USER_SCRIPT_SANDBOXING = NO;
				EXCLUDED_ARCHS = x86_64;
				FRAMEWORK_SEARCH_PATHS = (
					"$(PROJECT_DIR)/Fptn-macOS/Cpp",
					"$(PROJECT_DIR)/Fptn-macOS-Tunnel/Cpp",
				);
				GENERATE_INFOPLIST_FILE = YES;
				INFOPLIST_FILE = "Fptn-macOS-Tunnel/Info.plist";
				INFOPLIST_KEY_CFBundleDisplayName = "Fptn-macOS-Tunnel";
				INFOPLIST_KEY_NSHumanReadableCopyright = "";
				LD_RUNPATH_SEARCH_PATHS = (
					"$(inherited)",
					"@executable_path/../Frameworks",
					"@executable_path/../../../../Frameworks",
				);
				MACOSX_DEPLOYMENT_TARGET = 13.0;
				MARKETING_VERSION = 1.0;
				ONLY_ACTIVE_ARCH = YES;
				OTHER_LDFLAGS = (
					"$(inherited)",
					"-framework",
					fptn_native_lib,
				);
				PRODUCT_BUNDLE_IDENTIFIER = "net.mrmidi.Fptn-macOS.Fptn-macOS-Tunnel";
				PRODUCT_NAME = "$(TARGET_NAME)";
				SDKROOT = macosx;
				SKIP_INSTALL = YES;
				STRING_CATALOG_GENERATE_SYMBOLS = YES;
				SWIFT_APPROACHABLE_CONCURRENCY = YES;
				SWIFT_EMIT_LOC_STRINGS = YES;
				SWIFT_OBJC_BRIDGING_HEADER = "Fptn-macOS-Tunnel/Cpp/Fptn_macOS_Tunnel-Bridging-Header.h";
				SWIFT_UPCOMING_FEATURE_MEMBER_IMPORT_VISIBILITY = YES;
				SWIFT_VERSION = 6.0;
			};
			name = Release;
		};
		3AE372922F581FAC0036B059 /* Debug */ = {
			isa = XCBuildConfiguration;
			buildSettings = {
				ALWAYS_SEARCH_USER_PATHS = NO;
				ASSETCATALOG_COMPILER_APPICON_NAME = "App Icon & Top Shelf Image";
				ASSETCATALOG_COMPILER_GLOBAL_ACCENT_COLOR_NAME = AccentColor;
				CODE_SIGN_ENTITLEMENTS = "Fptn-tvOS/Fptn_tvOS.entitlements";
				CODE_SIGN_STYLE = Automatic;
				CURRENT_PROJECT_VERSION = 1;
				DEVELOPMENT_TEAM = F6YA6B56LR;
				ENABLE_PREVIEWS = YES;
				ENABLE_USER_SCRIPT_SANDBOXING = NO;
				FRAMEWORK_SEARCH_PATHS = "$(PROJECT_DIR)/Fptn-tvOS/Cpp";
				GENERATE_INFOPLIST_FILE = YES;
				HEADER_SEARCH_PATHS = (
					"$(SRCROOT)/Fptn-tvOS/Cpp/fptn_native_lib.framework/Headers",
					"$(SRCROOT)/FptnLib/build-tvos-simulator/fptn_native_lib.framework/Headers",
					"$(SRCROOT)/FptnLib/build-tvos/fptn_native_lib.framework/Headers",
				);
				INFOPLIST_KEY_UILaunchScreen_Generation = YES;
				INFOPLIST_KEY_UIUserInterfaceStyle = Automatic;
				LD_RUNPATH_SEARCH_PATHS = "@executable_path/Frameworks";
				MARKETING_VERSION = 1.0;
				OTHER_LDFLAGS = (
					"-framework",
					fptn_native_lib,
				);
				PRODUCT_BUNDLE_IDENTIFIER = "net.mrmidi.Fptn-macOS.Fptn-tvOS";
				PRODUCT_NAME = "$(TARGET_NAME)";
				SDKROOT = appletvos;
				STRING_CATALOG_GENERATE_SYMBOLS = YES;
				SWIFT_APPROACHABLE_CONCURRENCY = YES;
				SWIFT_DEFAULT_ACTOR_ISOLATION = MainActor;
				SWIFT_EMIT_LOC_STRINGS = YES;
				SWIFT_OBJC_BRIDGING_HEADER = "Fptn-tvOS/Cpp/Fptn_tvOS-Bridging-Header.h";
				SWIFT_UPCOMING_FEATURE_MEMBER_IMPORT_VISIBILITY = YES;
				SWIFT_VERSION = 6.0;
				TARGETED_DEVICE_FAMILY = 3;
				TVOS_DEPLOYMENT_TARGET = 17.0;
			};
			name = Debug;
		};
		3AE372932F581FAC0036B059 /* Release */ = {
			isa = XCBuildConfiguration;
			buildSettings = {
				ALWAYS_SEARCH_USER_PATHS = NO;
				ASSETCATALOG_COMPILER_APPICON_NAME = "App Icon & Top Shelf Image";
				ASSETCATALOG_COMPILER_GLOBAL_ACCENT_COLOR_NAME = AccentColor;
				CODE_SIGN_ENTITLEMENTS = "Fptn-tvOS/Fptn_tvOS.entitlements";
				CODE_SIGN_STYLE = Automatic;
				CURRENT_PROJECT_VERSION = 1;
				DEVELOPMENT_TEAM = F6YA6B56LR;
				ENABLE_PREVIEWS = YES;
				ENABLE_USER_SCRIPT_SANDBOXING = NO;
				FRAMEWORK_SEARCH_PATHS = "$(PROJECT_DIR)/Fptn-tvOS/Cpp";
				GENERATE_INFOPLIST_FILE = YES;
				HEADER_SEARCH_PATHS = (
					"$(SRCROOT)/Fptn-tvOS/Cpp/fptn_native_lib.framework/Headers",
					"$(SRCROOT)/FptnLib/build-tvos-simulator/fptn_native_lib.framework/Headers",
					"$(SRCROOT)/FptnLib/build-tvos/fptn_native_lib.framework/Headers",
				);
				INFOPLIST_KEY_UILaunchScreen_Generation = YES;
				INFOPLIST_KEY_UIUserInterfaceStyle = Automatic;
				LD_RUNPATH_SEARCH_PATHS = "@executable_path/Frameworks";
				MARKETING_VERSION = 1.0;
				OTHER_LDFLAGS = (
					"-framework",
					fptn_native_lib,
				);
				PRODUCT_BUNDLE_IDENTIFIER = "net.mrmidi.Fptn-macOS.Fptn-tvOS";
				PRODUCT_NAME = "$(TARGET_NAME)";
				SDKROOT = appletvos;
				STRING_CATALOG_GENERATE_SYMBOLS = YES;
				SWIFT_APPROACHABLE_CONCURRENCY = YES;
				SWIFT_DEFAULT_ACTOR_ISOLATION = MainActor;
				SWIFT_EMIT_LOC_STRINGS = YES;
				SWIFT_OBJC_BRIDGING_HEADER = "Fptn-tvOS/Cpp/Fptn_tvOS-Bridging-Header.h";
				SWIFT_UPCOMING_FEATURE_MEMBER_IMPORT_VISIBILITY = YES;
				SWIFT_VERSION = 6.0;
				TARGETED_DEVICE_FAMILY = 3;
				TVOS_DEPLOYMENT_TARGET = 17.0;
			};
			name = Release;
		};
		3AE372952F581FAC0036B059 /* Debug */ = {
			isa = XCBuildConfiguration;
			buildSettings = {
				ALWAYS_SEARCH_USER_PATHS = NO;
				BUNDLE_LOADER = "$(TEST_HOST)";
				CODE_SIGN_STYLE = Automatic;
				CURRENT_PROJECT_VERSION = 1;
				DEVELOPMENT_TEAM = F6YA6B56LR;
				ENABLE_USER_SCRIPT_SANDBOXING = NO;
				GENERATE_INFOPLIST_FILE = YES;
				MARKETING_VERSION = 1.0;
				PRODUCT_BUNDLE_IDENTIFIER = "net.mrmidi.Fptn-macOS.Fptn-tvOSTests";
				PRODUCT_NAME = "$(TARGET_NAME)";
				SDKROOT = appletvos;
				STRING_CATALOG_GENERATE_SYMBOLS = NO;
				SWIFT_APPROACHABLE_CONCURRENCY = YES;
				SWIFT_EMIT_LOC_STRINGS = NO;
				SWIFT_UPCOMING_FEATURE_MEMBER_IMPORT_VISIBILITY = YES;
				SWIFT_VERSION = 6.0;
				TARGETED_DEVICE_FAMILY = 3;
				TEST_HOST = "$(BUILT_PRODUCTS_DIR)/Fptn-tvOS.app/$(BUNDLE_EXECUTABLE_FOLDER_PATH)/Fptn-tvOS";
				TVOS_DEPLOYMENT_TARGET = 15.6;
			};
			name = Debug;
		};
		3AE372962F581FAC0036B059 /* Release */ = {
			isa = XCBuildConfiguration;
			buildSettings = {
				ALWAYS_SEARCH_USER_PATHS = NO;
				BUNDLE_LOADER = "$(TEST_HOST)";
				CODE_SIGN_STYLE = Automatic;
				CURRENT_PROJECT_VERSION = 1;
				DEVELOPMENT_TEAM = F6YA6B56LR;
				ENABLE_USER_SCRIPT_SANDBOXING = NO;
				GENERATE_INFOPLIST_FILE = YES;
				MARKETING_VERSION = 1.0;
				PRODUCT_BUNDLE_IDENTIFIER = "net.mrmidi.Fptn-macOS.Fptn-tvOSTests";
				PRODUCT_NAME = "$(TARGET_NAME)";
				SDKROOT = appletvos;
				STRING_CATALOG_GENERATE_SYMBOLS = NO;
				SWIFT_APPROACHABLE_CONCURRENCY = YES;
				SWIFT_EMIT_LOC_STRINGS = NO;
				SWIFT_UPCOMING_FEATURE_MEMBER_IMPORT_VISIBILITY = YES;
				SWIFT_VERSION = 6.0;
				TARGETED_DEVICE_FAMILY = 3;
				TEST_HOST = "$(BUILT_PRODUCTS_DIR)/Fptn-tvOS.app/$(BUNDLE_EXECUTABLE_FOLDER_PATH)/Fptn-tvOS";
				TVOS_DEPLOYMENT_TARGET = 15.6;
			};
			name = Release;
		};
		3AE372982F581FAC0036B059 /* Debug */ = {
			isa = XCBuildConfiguration;
			buildSettings = {
				ALWAYS_SEARCH_USER_PATHS = NO;
				CODE_SIGN_STYLE = Automatic;
				CURRENT_PROJECT_VERSION = 1;
				DEVELOPMENT_TEAM = F6YA6B56LR;
				ENABLE_USER_SCRIPT_SANDBOXING = NO;
				GENERATE_INFOPLIST_FILE = YES;
				MARKETING_VERSION = 1.0;
				PRODUCT_BUNDLE_IDENTIFIER = "net.mrmidi.Fptn-macOS.Fptn-tvOSUITests";
				PRODUCT_NAME = "$(TARGET_NAME)";
				SDKROOT = appletvos;
				STRING_CATALOG_GENERATE_SYMBOLS = NO;
				SWIFT_APPROACHABLE_CONCURRENCY = YES;
				SWIFT_EMIT_LOC_STRINGS = NO;
				SWIFT_UPCOMING_FEATURE_MEMBER_IMPORT_VISIBILITY = YES;
				SWIFT_VERSION = 6.0;
				TARGETED_DEVICE_FAMILY = 3;
				TEST_TARGET_NAME = "Fptn-tvOS";
				TVOS_DEPLOYMENT_TARGET = 15.6;
			};
			name = Debug;
		};
		3AE372992F581FAC0036B059 /* Release */ = {
			isa = XCBuildConfiguration;
			buildSettings = {
				ALWAYS_SEARCH_USER_PATHS = NO;
				CODE_SIGN_STYLE = Automatic;
				CURRENT_PROJECT_VERSION = 1;
				DEVELOPMENT_TEAM = F6YA6B56LR;
				ENABLE_USER_SCRIPT_SANDBOXING = NO;
				GENERATE_INFOPLIST_FILE = YES;
				MARKETING_VERSION = 1.0;
				PRODUCT_BUNDLE_IDENTIFIER = "net.mrmidi.Fptn-macOS.Fptn-tvOSUITests";
				PRODUCT_NAME = "$(TARGET_NAME)";
				SDKROOT = appletvos;
				STRING_CATALOG_GENERATE_SYMBOLS = NO;
				SWIFT_APPROACHABLE_CONCURRENCY = YES;
				SWIFT_EMIT_LOC_STRINGS = NO;
				SWIFT_UPCOMING_FEATURE_MEMBER_IMPORT_VISIBILITY = YES;
				SWIFT_VERSION = 6.0;
				TARGETED_DEVICE_FAMILY = 3;
				TEST_TARGET_NAME = "Fptn-tvOS";
				TVOS_DEPLOYMENT_TARGET = 15.6;
			};
			name = Release;
		};
		3AE372AA2F5820150036B059 /* Debug */ = {
			isa = XCBuildConfiguration;
			buildSettings = {
				ALWAYS_SEARCH_USER_PATHS = NO;
				CODE_SIGN_ENTITLEMENTS = "Fptn-tvOS-Tunnel/Fptn_tvOS_Tunnel.entitlements";
				CODE_SIGN_STYLE = Automatic;
				CURRENT_PROJECT_VERSION = 1;
				DEVELOPMENT_TEAM = F6YA6B56LR;
				ENABLE_USER_SCRIPT_SANDBOXING = NO;
				FRAMEWORK_SEARCH_PATHS = "$(PROJECT_DIR)/Fptn-tvOS-Tunnel/Cpp";
				GENERATE_INFOPLIST_FILE = YES;
				HEADER_SEARCH_PATHS = (
					"$(SRCROOT)/Fptn-tvOS-Tunnel/Cpp/fptn_native_lib.framework/Headers",
					"$(SRCROOT)/FptnLib/build-tvos-simulator/fptn_native_lib.framework/Headers",
					"$(SRCROOT)/FptnLib/build-tvos/fptn_native_lib.framework/Headers",
				);
				INFOPLIST_FILE = "Fptn-tvOS-Tunnel/Info.plist";
				INFOPLIST_KEY_CFBundleDisplayName = "Fptn-tvOS-Tunnel";
				INFOPLIST_KEY_NSHumanReadableCopyright = "";
				LD_RUNPATH_SEARCH_PATHS = (
					"@executable_path/Frameworks",
					"@executable_path/../../Frameworks",
				);
				MARKETING_VERSION = 1.0;
				OTHER_LDFLAGS = (
					"-framework",
					fptn_native_lib,
				);
				PRODUCT_BUNDLE_IDENTIFIER = "net.mrmidi.Fptn-macOS.Fptn-tvOS.Fptn-tvOS-Tunnel";
				PRODUCT_NAME = "$(TARGET_NAME)";
				SDKROOT = appletvos;
				SKIP_INSTALL = YES;
				STRING_CATALOG_GENERATE_SYMBOLS = YES;
				SWIFT_APPROACHABLE_CONCURRENCY = YES;
				SWIFT_EMIT_LOC_STRINGS = YES;
				SWIFT_OBJC_BRIDGING_HEADER = "Fptn-tvOS-Tunnel/Cpp/Fptn_tvOS_Tunnel-Bridging-Header.h";
				SWIFT_UPCOMING_FEATURE_MEMBER_IMPORT_VISIBILITY = YES;
				SWIFT_VERSION = 6.0;
				TARGETED_DEVICE_FAMILY = 3;
				TVOS_DEPLOYMENT_TARGET = 26.4;
			};
			name = Debug;
		};
		3AE372AB2F5820150036B059 /* Release */ = {
			isa = XCBuildConfiguration;
			buildSettings = {
				ALWAYS_SEARCH_USER_PATHS = NO;
				CODE_SIGN_ENTITLEMENTS = "Fptn-tvOS-Tunnel/Fptn_tvOS_Tunnel.entitlements";
				CODE_SIGN_STYLE = Automatic;
				CURRENT_PROJECT_VERSION = 1;
				DEVELOPMENT_TEAM = F6YA6B56LR;
				ENABLE_USER_SCRIPT_SANDBOXING = NO;
				FRAMEWORK_SEARCH_PATHS = "$(PROJECT_DIR)/Fptn-tvOS-Tunnel/Cpp";
				GENERATE_INFOPLIST_FILE = YES;
				HEADER_SEARCH_PATHS = (
					"$(SRCROOT)/Fptn-tvOS-Tunnel/Cpp/fptn_native_lib.framework/Headers",
					"$(SRCROOT)/FptnLib/build-tvos-simulator/fptn_native_lib.framework/Headers",
					"$(SRCROOT)/FptnLib/build-tvos/fptn_native_lib.framework/Headers",
				);
				INFOPLIST_FILE = "Fptn-tvOS-Tunnel/Info.plist";
				INFOPLIST_KEY_CFBundleDisplayName = "Fptn-tvOS-Tunnel";
				INFOPLIST_KEY_NSHumanReadableCopyright = "";
				LD_RUNPATH_SEARCH_PATHS = (
					"@executable_path/Frameworks",
					"@executable_path/../../Frameworks",
				);
				MARKETING_VERSION = 1.0;
				OTHER_LDFLAGS = (
					"-framework",
					fptn_native_lib,
				);
				PRODUCT_BUNDLE_IDENTIFIER = "net.mrmidi.Fptn-macOS.Fptn-tvOS.Fptn-tvOS-Tunnel";
				PRODUCT_NAME = "$(TARGET_NAME)";
				SDKROOT = appletvos;
				SKIP_INSTALL = YES;
				STRING_CATALOG_GENERATE_SYMBOLS = YES;
				SWIFT_APPROACHABLE_CONCURRENCY = YES;
				SWIFT_EMIT_LOC_STRINGS = YES;
				SWIFT_OBJC_BRIDGING_HEADER = "Fptn-tvOS-Tunnel/Cpp/Fptn_tvOS_Tunnel-Bridging-Header.h";
				SWIFT_UPCOMING_FEATURE_MEMBER_IMPORT_VISIBILITY = YES;
				SWIFT_VERSION = 6.0;
				TARGETED_DEVICE_FAMILY = 3;
				TVOS_DEPLOYMENT_TARGET = 26.4;
			};
			name = Release;
		};
		79A890802E7582AB0062CD90 /* Debug */ = {
			isa = XCBuildConfiguration;
			buildSettings = {
				ALWAYS_SEARCH_USER_PATHS = NO;
				CODE_SIGN_ENTITLEMENTS = FptnVPNTunnel/FptnVPNTunnelDebug.entitlements;
				CODE_SIGN_STYLE = Automatic;
				CURRENT_PROJECT_VERSION = 1;
				DEVELOPMENT_TEAM = F6YA6B56LR;
				FRAMEWORK_SEARCH_PATHS = (
					"$(inherited)",
					"$(PROJECT_DIR)/FptnVPN/Cpp",
				);
				GENERATE_INFOPLIST_FILE = YES;
				INFOPLIST_FILE = FptnVPNTunnel/Info.plist;
				INFOPLIST_KEY_CFBundleDisplayName = FptnVPNTunnel;
				INFOPLIST_KEY_NSHumanReadableCopyright = "";
				IPHONEOS_DEPLOYMENT_TARGET = 17.0;
				LD_RUNPATH_SEARCH_PATHS = (
					"$(inherited)",
					"@executable_path/Frameworks",
					"@executable_path/../../Frameworks",
				);
				MARKETING_VERSION = 1.0;
				OTHER_LDFLAGS = (
					"$(inherited)",
					"-framework",
					fptn_native_lib,
				);
				PRODUCT_BUNDLE_IDENTIFIER = net.mrmidi.FptnVPN.FptnVPNTunnel;
				PRODUCT_NAME = "$(TARGET_NAME)";
				SKIP_INSTALL = YES;
				SWIFT_EMIT_LOC_STRINGS = YES;
				SWIFT_OBJC_BRIDGING_HEADER = "FptnVPNTunnel/Cpp/FptnVPNTunnel-Bridging-Header.h";
				SWIFT_STRICT_CONCURRENCY = complete;
				SWIFT_VERSION = 6.0;
				TARGETED_DEVICE_FAMILY = "1,2";
			};
			name = Debug;
		};
		79A890812E7582AB0062CD90 /* Release */ = {
			isa = XCBuildConfiguration;
			buildSettings = {
				ALWAYS_SEARCH_USER_PATHS = NO;
				CODE_SIGN_ENTITLEMENTS = FptnVPNTunnel/FptnVPNTunnel.entitlements;
				CODE_SIGN_IDENTITY = "Apple Development";
				CODE_SIGN_STYLE = Automatic;
				CURRENT_PROJECT_VERSION = 1;
				DEVELOPMENT_TEAM = F6YA6B56LR;
				FRAMEWORK_SEARCH_PATHS = (
					"$(inherited)",
					"$(PROJECT_DIR)/FptnVPN/Cpp",
				);
				GENERATE_INFOPLIST_FILE = YES;
				INFOPLIST_FILE = FptnVPNTunnel/Info.plist;
				INFOPLIST_KEY_CFBundleDisplayName = FptnVPNTunnel;
				INFOPLIST_KEY_NSHumanReadableCopyright = "";
				IPHONEOS_DEPLOYMENT_TARGET = 17.0;
				LD_RUNPATH_SEARCH_PATHS = (
					"$(inherited)",
					"@executable_path/Frameworks",
					"@executable_path/../../Frameworks",
				);
				MARKETING_VERSION = 1.0;
				OTHER_LDFLAGS = (
					"$(inherited)",
					"-framework",
					fptn_native_lib,
				);
				PRODUCT_BUNDLE_IDENTIFIER = net.mrmidi.FptnVPN.FptnVPNTunnel;
				PRODUCT_NAME = "$(TARGET_NAME)";
				PROVISIONING_PROFILE_SPECIFIER = "";
				SKIP_INSTALL = YES;
				SWIFT_EMIT_LOC_STRINGS = YES;
				SWIFT_OBJC_BRIDGING_HEADER = "FptnVPNTunnel/Cpp/FptnVPNTunnel-Bridging-Header.h";
				SWIFT_STRICT_CONCURRENCY = complete;
				SWIFT_VERSION = 6.0;
				TARGETED_DEVICE_FAMILY = "1,2";
			};
			name = Release;
		};
		85D5C3452DFD4A0800ABAD64 /* Debug */ = {
			isa = XCBuildConfiguration;
			buildSettings = {
				ALWAYS_SEARCH_USER_PATHS = YES;
				"ALWAYS_SEARCH_USER_PATHS[arch=*]" = YES;
				ASSETCATALOG_COMPILER_GENERATE_SWIFT_ASSET_SYMBOL_EXTENSIONS = YES;
				CLANG_ANALYZER_NONNULL = YES;
				CLANG_ANALYZER_NUMBER_OBJECT_CONVERSION = YES_AGGRESSIVE;
				CLANG_CXX_LANGUAGE_STANDARD = "gnu++20";
				CLANG_ENABLE_MODULES = YES;
				CLANG_ENABLE_OBJC_ARC = YES;
				CLANG_ENABLE_OBJC_WEAK = YES;
				CLANG_WARN_BLOCK_CAPTURE_AUTORELEASING = YES;
				CLANG_WARN_BOOL_CONVERSION = YES;
				CLANG_WARN_COMMA = YES;
				CLANG_WARN_CONSTANT_CONVERSION = YES;
				CLANG_WARN_DEPRECATED_OBJC_IMPLEMENTATIONS = YES;
				CLANG_WARN_DIRECT_OBJC_ISA_USAGE = YES_ERROR;
				CLANG_WARN_DOCUMENTATION_COMMENTS = YES;
				CLANG_WARN_EMPTY_BODY = YES;
				CLANG_WARN_ENUM_CONVERSION = YES;
				CLANG_WARN_INFINITE_RECURSION = YES;
				CLANG_WARN_INT_CONVERSION = YES;
				CLANG_WARN_NON_LITERAL_NULL_CONVERSION = YES;
				CLANG_WARN_OBJC_IMPLICIT_RETAIN_SELF = YES;
				CLANG_WARN_OBJC_LITERAL_CONVERSION = YES;
				CLANG_WARN_OBJC_ROOT_CLASS = YES_ERROR;
				CLANG_WARN_QUOTED_INCLUDE_IN_FRAMEWORK_HEADER = YES;
				CLANG_WARN_RANGE_LOOP_ANALYSIS = YES;
				CLANG_WARN_STRICT_PROTOTYPES = YES;
				CLANG_WARN_SUSPICIOUS_MOVE = YES;
				CLANG_WARN_UNGUARDED_AVAILABILITY = YES_AGGRESSIVE;
				CLANG_WARN_UNREACHABLE_CODE = YES;
				CLANG_WARN__DUPLICATE_METHOD_MATCH = YES;
				COPY_PHASE_STRIP = NO;
				DEBUG_INFORMATION_FORMAT = dwarf;
				ENABLE_STRICT_OBJC_MSGSEND = YES;
				ENABLE_TESTABILITY = YES;
				ENABLE_USER_SCRIPT_SANDBOXING = NO;
				FRAMEWORK_SEARCH_PATHS = (
					"$(PROJECT_DIR)/FptnVPN/Cpp/**",
					"$(PROJECT_DIR)/FptnVPN/Cpp",
					"$(PROJECT_DIR)/FptnVPN/Cpp/fptn_native_lib.framework",
				);
				GCC_C_LANGUAGE_STANDARD = gnu17;
				GCC_DYNAMIC_NO_PIC = NO;
				GCC_NO_COMMON_BLOCKS = YES;
				GCC_OPTIMIZATION_LEVEL = 0;
				GCC_PREPROCESSOR_DEFINITIONS = (
					"DEBUG=1",
					"$(inherited)",
				);
				GCC_WARN_64_TO_32_BIT_CONVERSION = YES;
				GCC_WARN_ABOUT_RETURN_TYPE = YES_ERROR;
				GCC_WARN_UNDECLARED_SELECTOR = YES;
				GCC_WARN_UNINITIALIZED_AUTOS = YES_AGGRESSIVE;
				GCC_WARN_UNUSED_FUNCTION = YES;
				GCC_WARN_UNUSED_VARIABLE = YES;
				IPHONEOS_DEPLOYMENT_TARGET = 18.5;
				"LD_RUNPATH_SEARCH_PATHS[arch=*]" = "@executable_path/Frameworks";
				LOCALIZATION_PREFERS_STRING_CATALOGS = YES;
				MTL_ENABLE_DEBUG_INFO = INCLUDE_SOURCE;
				MTL_FAST_MATH = YES;
				ONLY_ACTIVE_ARCH = YES;
				SDKROOT = iphoneos;
				SWIFT_ACTIVE_COMPILATION_CONDITIONS = "DEBUG $(inherited)";
				SWIFT_OPTIMIZATION_LEVEL = "-Onone";
			};
			name = Debug;
		};
		85D5C3462DFD4A0800ABAD64 /* Release */ = {
			isa = XCBuildConfiguration;
			buildSettings = {
				ALWAYS_SEARCH_USER_PATHS = YES;
				ASSETCATALOG_COMPILER_GENERATE_SWIFT_ASSET_SYMBOL_EXTENSIONS = YES;
				CLANG_ANALYZER_NONNULL = YES;
				CLANG_ANALYZER_NUMBER_OBJECT_CONVERSION = YES_AGGRESSIVE;
				CLANG_CXX_LANGUAGE_STANDARD = "gnu++20";
				CLANG_ENABLE_MODULES = YES;
				CLANG_ENABLE_OBJC_ARC = YES;
				CLANG_ENABLE_OBJC_WEAK = YES;
				CLANG_WARN_BLOCK_CAPTURE_AUTORELEASING = YES;
				CLANG_WARN_BOOL_CONVERSION = YES;
				CLANG_WARN_COMMA = YES;
				CLANG_WARN_CONSTANT_CONVERSION = YES;
				CLANG_WARN_DEPRECATED_OBJC_IMPLEMENTATIONS = YES;
				CLANG_WARN_DIRECT_OBJC_ISA_USAGE = YES_ERROR;
				CLANG_WARN_DOCUMENTATION_COMMENTS = YES;
				CLANG_WARN_EMPTY_BODY = YES;
				CLANG_WARN_ENUM_CONVERSION = YES;
				CLANG_WARN_INFINITE_RECURSION = YES;
				CLANG_WARN_INT_CONVERSION = YES;
				CLANG_WARN_NON_LITERAL_NULL_CONVERSION = YES;
				CLANG_WARN_OBJC_IMPLICIT_RETAIN_SELF = YES;
				CLANG_WARN_OBJC_LITERAL_CONVERSION = YES;
				CLANG_WARN_OBJC_ROOT_CLASS = YES_ERROR;
				CLANG_WARN_QUOTED_INCLUDE_IN_FRAMEWORK_HEADER = YES;
				CLANG_WARN_RANGE_LOOP_ANALYSIS = YES;
				CLANG_WARN_STRICT_PROTOTYPES = YES;
				CLANG_WARN_SUSPICIOUS_MOVE = YES;
				CLANG_WARN_UNGUARDED_AVAILABILITY = YES_AGGRESSIVE;
				CLANG_WARN_UNREACHABLE_CODE = YES;
				CLANG_WARN__DUPLICATE_METHOD_MATCH = YES;
				COPY_PHASE_STRIP = NO;
				DEBUG_INFORMATION_FORMAT = "dwarf-with-dsym";
				ENABLE_NS_ASSERTIONS = NO;
				ENABLE_STRICT_OBJC_MSGSEND = YES;
				ENABLE_USER_SCRIPT_SANDBOXING = NO;
				FRAMEWORK_SEARCH_PATHS = (
					"$(PROJECT_DIR)/FptnVPN/Cpp/**",
					"$(PROJECT_DIR)/FptnVPN/Cpp",
					"$(PROJECT_DIR)/FptnVPN/Cpp/fptn_native_lib.framework",
				);
				GCC_C_LANGUAGE_STANDARD = gnu17;
				GCC_NO_COMMON_BLOCKS = YES;
				GCC_WARN_64_TO_32_BIT_CONVERSION = YES;
				GCC_WARN_ABOUT_RETURN_TYPE = YES_ERROR;
				GCC_WARN_UNDECLARED_SELECTOR = YES;
				GCC_WARN_UNINITIALIZED_AUTOS = YES_AGGRESSIVE;
				GCC_WARN_UNUSED_FUNCTION = YES;
				GCC_WARN_UNUSED_VARIABLE = YES;
				IPHONEOS_DEPLOYMENT_TARGET = 18.5;
				"LD_RUNPATH_SEARCH_PATHS[arch=*]" = "@executable_path/Frameworks";
				LOCALIZATION_PREFERS_STRING_CATALOGS = YES;
				MTL_ENABLE_DEBUG_INFO = NO;
				MTL_FAST_MATH = YES;
				SDKROOT = iphoneos;
				SWIFT_COMPILATION_MODE = wholemodule;
				VALIDATE_PRODUCT = YES;
			};
			name = Release;
		};
		85D5C3482DFD4A0800ABAD64 /* Debug */ = {
			isa = XCBuildConfiguration;
			buildSettings = {
				ASSETCATALOG_COMPILER_APPICON_NAME = fptn;
				ASSETCATALOG_COMPILER_GLOBAL_ACCENT_COLOR_NAME = AccentColor;
				ASSETCATALOG_COMPILER_INCLUDE_ALL_APPICON_ASSETS = YES;
				CLANG_ENABLE_MODULES = YES;
				CODE_SIGN_ENTITLEMENTS = FptnVPN/FptnVPN.entitlements;
				CODE_SIGN_STYLE = Automatic;
				CURRENT_PROJECT_VERSION = 1;
				DEVELOPMENT_TEAM = F6YA6B56LR;
				ENABLE_PREVIEWS = YES;
				FRAMEWORK_SEARCH_PATHS = (
					"$(inherited)",
					"$(PROJECT_DIR)/FptnVPN/Cpp",
				);
				"FRAMEWORK_SEARCH_PATHS[arch=*]" = (
					"$(inherited)",
					"$(PROJECT_DIR)/FptnVPN/Cpp",
					"$(PROJECT_DIR)/FptnVPN/Cpp/fptn_native_lib.framework/Headers",
					"$(PROJECT_DIR)/FptnVPN/Cpp/fptn_native_lib.framework/Headers",
				);
				GENERATE_INFOPLIST_FILE = YES;
				INFOPLIST_KEY_LSApplicationCategoryType = "public.app-category.utilities";
				INFOPLIST_KEY_UIApplicationSceneManifest_Generation = YES;
				INFOPLIST_KEY_UIApplicationSupportsIndirectInputEvents = YES;
				INFOPLIST_KEY_UILaunchScreen_Generation = YES;
				INFOPLIST_KEY_UIRequiresFullScreen = YES;
				INFOPLIST_KEY_UISupportedInterfaceOrientations = UIInterfaceOrientationPortrait;
				IPHONEOS_DEPLOYMENT_TARGET = 17.0;
				LD_RUNPATH_SEARCH_PATHS = (
					"$(inherited)",
					"@executable_path/Frameworks",
				);
				MARKETING_VERSION = 1.0;
				PRODUCT_BUNDLE_IDENTIFIER = net.mrmidi.FptnVPN;
				PRODUCT_NAME = "$(TARGET_NAME)";
				SWIFT_EMIT_LOC_STRINGS = YES;
				SWIFT_OBJC_BRIDGING_HEADER = "FptnVPN/Cpp/FptnVPN-Bridging-Header.h";
				SWIFT_OPTIMIZATION_LEVEL = "-Onone";
				SWIFT_STRICT_CONCURRENCY = complete;
				SWIFT_VERSION = 6.0;
				TARGETED_DEVICE_FAMILY = "1,2";
			};
			name = Debug;
		};
		85D5C3492DFD4A0800ABAD64 /* Release */ = {
			isa = XCBuildConfiguration;
			buildSettings = {
				ASSETCATALOG_COMPILER_APPICON_NAME = fptn;
				ASSETCATALOG_COMPILER_GLOBAL_ACCENT_COLOR_NAME = AccentColor;
				ASSETCATALOG_COMPILER_INCLUDE_ALL_APPICON_ASSETS = YES;
				CLANG_ENABLE_MODULES = YES;
				CODE_SIGN_ENTITLEMENTS = FptnVPN/FptnVPN.entitlements;
				CODE_SIGN_STYLE = Automatic;
				CURRENT_PROJECT_VERSION = 1;
				DEVELOPMENT_TEAM = F6YA6B56LR;
				ENABLE_PREVIEWS = YES;
				FRAMEWORK_SEARCH_PATHS = (
					"$(inherited)",
					"$(PROJECT_DIR)/FptnVPN/Cpp",
				);
				GENERATE_INFOPLIST_FILE = YES;
				INFOPLIST_KEY_LSApplicationCategoryType = "public.app-category.utilities";
				INFOPLIST_KEY_UIApplicationSceneManifest_Generation = YES;
				INFOPLIST_KEY_UIApplicationSupportsIndirectInputEvents = YES;
				INFOPLIST_KEY_UILaunchScreen_Generation = YES;
				INFOPLIST_KEY_UIRequiresFullScreen = YES;
				INFOPLIST_KEY_UISupportedInterfaceOrientations = UIInterfaceOrientationPortrait;
				IPHONEOS_DEPLOYMENT_TARGET = 17.0;
				LD_RUNPATH_SEARCH_PATHS = (
					"$(inherited)",
					"@executable_path/Frameworks",
				);
				MARKETING_VERSION = 1.0;
				PRODUCT_BUNDLE_IDENTIFIER = net.mrmidi.FptnVPN;
				PRODUCT_NAME = "$(TARGET_NAME)";
				SWIFT_EMIT_LOC_STRINGS = YES;
				SWIFT_OBJC_BRIDGING_HEADER = "FptnVPN/Cpp/FptnVPN-Bridging-Header.h";
				SWIFT_STRICT_CONCURRENCY = complete;
				SWIFT_VERSION = 6.0;
				TARGETED_DEVICE_FAMILY = "1,2";
			};
			name = Release;
		};
		85D5C34B2DFD4A0800ABAD64 /* Debug */ = {
			isa = XCBuildConfiguration;
			buildSettings = {
				BUNDLE_LOADER = "$(TEST_HOST)";
				CODE_SIGN_STYLE = Automatic;
				CURRENT_PROJECT_VERSION = 1;
				GENERATE_INFOPLIST_FILE = YES;
				IPHONEOS_DEPLOYMENT_TARGET = 18.5;
				MARKETING_VERSION = 1.0;
				PRODUCT_BUNDLE_IDENTIFIER = org.fptn.FptnVPNTests;
				PRODUCT_NAME = "$(TARGET_NAME)";
				SWIFT_EMIT_LOC_STRINGS = NO;
				SWIFT_VERSION = 5.0;
				TARGETED_DEVICE_FAMILY = "1,2";
				TEST_HOST = "$(BUILT_PRODUCTS_DIR)/FptnVPN.app/$(BUNDLE_EXECUTABLE_FOLDER_PATH)/FptnVPN";
			};
			name = Debug;
		};
		85D5C34C2DFD4A0800ABAD64 /* Release */ = {
			isa = XCBuildConfiguration;
			buildSettings = {
				BUNDLE_LOADER = "$(TEST_HOST)";
				CODE_SIGN_STYLE = Automatic;
				CURRENT_PROJECT_VERSION = 1;
				GENERATE_INFOPLIST_FILE = YES;
				IPHONEOS_DEPLOYMENT_TARGET = 18.5;
				MARKETING_VERSION = 1.0;
				PRODUCT_BUNDLE_IDENTIFIER = org.fptn.FptnVPNTests;
				PRODUCT_NAME = "$(TARGET_NAME)";
				SWIFT_EMIT_LOC_STRINGS = NO;
				SWIFT_VERSION = 5.0;
				TARGETED_DEVICE_FAMILY = "1,2";
				TEST_HOST = "$(BUILT_PRODUCTS_DIR)/FptnVPN.app/$(BUNDLE_EXECUTABLE_FOLDER_PATH)/FptnVPN";
			};
			name = Release;
		};
		85D5C34E2DFD4A0800ABAD64 /* Debug */ = {
			isa = XCBuildConfiguration;
			buildSettings = {
				CODE_SIGN_STYLE = Automatic;
				CURRENT_PROJECT_VERSION = 1;
				GENERATE_INFOPLIST_FILE = YES;
				MARKETING_VERSION = 1.0;
				PRODUCT_BUNDLE_IDENTIFIER = org.fptn.FptnVPNUITests;
				PRODUCT_NAME = "$(TARGET_NAME)";
				SWIFT_EMIT_LOC_STRINGS = NO;
				SWIFT_VERSION = 5.0;
				TARGETED_DEVICE_FAMILY = "1,2";
				TEST_TARGET_NAME = FptnVPN;
			};
			name = Debug;
		};
		85D5C34F2DFD4A0800ABAD64 /* Release */ = {
			isa = XCBuildConfiguration;
			buildSettings = {
				CODE_SIGN_STYLE = Automatic;
				CURRENT_PROJECT_VERSION = 1;
				GENERATE_INFOPLIST_FILE = YES;
				MARKETING_VERSION = 1.0;
				PRODUCT_BUNDLE_IDENTIFIER = org.fptn.FptnVPNUITests;
				PRODUCT_NAME = "$(TARGET_NAME)";
				SWIFT_EMIT_LOC_STRINGS = NO;
				SWIFT_VERSION = 5.0;
				TARGETED_DEVICE_FAMILY = "1,2";
				TEST_TARGET_NAME = FptnVPN;
			};
			name = Release;
		};
/* End XCBuildConfiguration section */

/* Begin XCConfigurationList section */
		3AE35AC42F55828E0036B059 /* Build configuration list for PBXNativeTarget "Fptn-macOS" */ = {
			isa = XCConfigurationList;
			buildConfigurations = (
				3AE35AC52F55828E0036B059 /* Debug */,
				3AE35AC62F55828E0036B059 /* Release */,
			);
			defaultConfigurationIsVisible = 0;
			defaultConfigurationName = Release;
		};
		3AE35AC72F55828E0036B059 /* Build configuration list for PBXNativeTarget "Fptn-macOSTests" */ = {
			isa = XCConfigurationList;
			buildConfigurations = (
				3AE35AC82F55828E0036B059 /* Debug */,
				3AE35AC92F55828E0036B059 /* Release */,
			);
			defaultConfigurationIsVisible = 0;
			defaultConfigurationName = Release;
		};
		3AE35ACA2F55828E0036B059 /* Build configuration list for PBXNativeTarget "Fptn-macOSUITests" */ = {
			isa = XCConfigurationList;
			buildConfigurations = (
				3AE35ACB2F55828E0036B059 /* Debug */,
				3AE35ACC2F55828E0036B059 /* Release */,
			);
			defaultConfigurationIsVisible = 0;
			defaultConfigurationName = Release;
		};
		3AE35ADC2F55835C0036B059 /* Build configuration list for PBXNativeTarget "Fptn-macOS-Tunnel" */ = {
			isa = XCConfigurationList;
			buildConfigurations = (
				3AE35ADD2F55835C0036B059 /* Debug */,
				3AE35ADE2F55835C0036B059 /* Release */,
			);
			defaultConfigurationIsVisible = 0;
			defaultConfigurationName = Release;
		};
		3AE372912F581FAC0036B059 /* Build configuration list for PBXNativeTarget "Fptn-tvOS" */ = {
			isa = XCConfigurationList;
			buildConfigurations = (
				3AE372922F581FAC0036B059 /* Debug */,
				3AE372932F581FAC0036B059 /* Release */,
			);
			defaultConfigurationIsVisible = 0;
			defaultConfigurationName = Release;
		};
		3AE372942F581FAC0036B059 /* Build configuration list for PBXNativeTarget "Fptn-tvOSTests" */ = {
			isa = XCConfigurationList;
			buildConfigurations = (
				3AE372952F581FAC0036B059 /* Debug */,
				3AE372962F581FAC0036B059 /* Release */,
			);
			defaultConfigurationIsVisible = 0;
			defaultConfigurationName = Release;
		};
		3AE372972F581FAC0036B059 /* Build configuration list for PBXNativeTarget "Fptn-tvOSUITests" */ = {
			isa = XCConfigurationList;
			buildConfigurations = (
				3AE372982F581FAC0036B059 /* Debug */,
				3AE372992F581FAC0036B059 /* Release */,
			);
			defaultConfigurationIsVisible = 0;
			defaultConfigurationName = Release;
		};
		3AE372A92F5820150036B059 /* Build configuration list for PBXNativeTarget "Fptn-tvOS-Tunnel" */ = {
			isa = XCConfigurationList;
			buildConfigurations = (
				3AE372AA2F5820150036B059 /* Debug */,
				3AE372AB2F5820150036B059 /* Release */,
			);
			defaultConfigurationIsVisible = 0;
			defaultConfigurationName = Release;
		};
		79A8907F2E7582AB0062CD90 /* Build configuration list for PBXNativeTarget "FptnVPNTunnel" */ = {
			isa = XCConfigurationList;
			buildConfigurations = (
				79A890802E7582AB0062CD90 /* Debug */,
				79A890812E7582AB0062CD90 /* Release */,
			);
			defaultConfigurationIsVisible = 0;
			defaultConfigurationName = Release;
		};
		85D5C3212DFD4A0600ABAD64 /* Build configuration list for PBXProject "FptnVPN" */ = {
			isa = XCConfigurationList;
			buildConfigurations = (
				85D5C3452DFD4A0800ABAD64 /* Debug */,
				85D5C3462DFD4A0800ABAD64 /* Release */,
			);
			defaultConfigurationIsVisible = 0;
			defaultConfigurationName = Release;
		};
		85D5C3472DFD4A0800ABAD64 /* Build configuration list for PBXNativeTarget "FptnVPN" */ = {
			isa = XCConfigurationList;
			buildConfigurations = (
				85D5C3482DFD4A0800ABAD64 /* Debug */,
				85D5C3492DFD4A0800ABAD64 /* Release */,
			);
			defaultConfigurationIsVisible = 0;
			defaultConfigurationName = Release;
		};
		85D5C34A2DFD4A0800ABAD64 /* Build configuration list for PBXNativeTarget "FptnVPNTests" */ = {
			isa = XCConfigurationList;
			buildConfigurations = (
				85D5C34B2DFD4A0800ABAD64 /* Debug */,
				85D5C34C2DFD4A0800ABAD64 /* Release */,
			);
			defaultConfigurationIsVisible = 0;
			defaultConfigurationName = Release;
		};
		85D5C34D2DFD4A0800ABAD64 /* Build configuration list for PBXNativeTarget "FptnVPNUITests" */ = {
			isa = XCConfigurationList;
			buildConfigurations = (
				85D5C34E2DFD4A0800ABAD64 /* Debug */,
				85D5C34F2DFD4A0800ABAD64 /* Release */,
			);
			defaultConfigurationIsVisible = 0;
			defaultConfigurationName = Release;
		};
/* End XCConfigurationList section */

/* Begin XCRemoteSwiftPackageReference section */
		3AE374232F58379E0036B059 /* XCRemoteSwiftPackageReference "FptnShared" */ = {
			isa = XCRemoteSwiftPackageReference;
			repositoryURL = "https://github.com/mrmidi/FptnShared";
			requirement = {
				kind = upToNextMajorVersion;
				minimumVersion = 0.1.2;
			};
		};
		3AEA9E092F4C62880020E4E3 /* XCRemoteSwiftPackageReference "swift-log" */ = {
			isa = XCRemoteSwiftPackageReference;
			repositoryURL = "https://github.com/apple/swift-log";
			requirement = {
				kind = upToNextMajorVersion;
				minimumVersion = 1.10.1;
			};
		};
/* End XCRemoteSwiftPackageReference section */

/* Begin XCSwiftPackageProductDependency section */
		3AE374242F58379E0036B059 /* FptnSharedCore */ = {
			isa = XCSwiftPackageProductDependency;
			package = 3AE374232F58379E0036B059 /* XCRemoteSwiftPackageReference "FptnShared" */;
			productName = FptnSharedCore;
		};
		3AE374262F58379E0036B059 /* FptnSharedTunnel */ = {
			isa = XCSwiftPackageProductDependency;
			package = 3AE374232F58379E0036B059 /* XCRemoteSwiftPackageReference "FptnShared" */;
			productName = FptnSharedTunnel;
		};
		3AEA9E0A2F4C62880020E4E3 /* Logging */ = {
			isa = XCSwiftPackageProductDependency;
			package = 3AEA9E092F4C62880020E4E3 /* XCRemoteSwiftPackageReference "swift-log" */;
			productName = Logging;
		};
		3AEA9E0D2F4C62880020E4E3 /* Logging */ = {
			isa = XCSwiftPackageProductDependency;
			package = 3AEA9E092F4C62880020E4E3 /* XCRemoteSwiftPackageReference "swift-log" */;
			productName = Logging;
		};
/* End XCSwiftPackageProductDependency section */
	};
	rootObject = 85D5C31E2DFD4A0600ABAD64 /* Project object */;
}
