// !$*UTF8*$!
{
	archiveVersion = 1;
	classes = {
	};
	objectVersion = 77;
	objects = {

/* Begin PBXBuildFile section */
		3AEA9E0B2F4C62880020E4E3 /* Logging in Frameworks */ = {isa = PBXBuildFile; productRef = 3AEA9E0A2F4C62880020E4E3 /* Logging */; };
		3AEA9E0C2F4C62880020E4E3 /* Logging in Frameworks */ = {isa = PBXBuildFile; productRef = 3AEA9E0D2F4C62880020E4E3 /* Logging */; };
		7994B7FD2E7A299E00624B08 /* NetworkExtension.framework in Frameworks */ = {isa = PBXBuildFile; fileRef = 79A890742E7582AB0062CD90 /* NetworkExtension.framework */; };
		7994B7FE2E7A299E00624B08 /* NetworkExtension.framework in Embed Frameworks */ = {isa = PBXBuildFile; fileRef = 79A890742E7582AB0062CD90 /* NetworkExtension.framework */; settings = {ATTRIBUTES = (CodeSignOnCopy, RemoveHeadersOnCopy, ); }; };
		79A8907D2E7582AB0062CD90 /* FptnVPNTunnel.appex in Embed Foundation Extensions */ = {isa = PBXBuildFile; fileRef = 79A890722E7582AB0062CD90 /* FptnVPNTunnel.appex */; settings = {ATTRIBUTES = (RemoveHeadersOnCopy, ); }; };
/* End PBXBuildFile section */

/* Begin PBXContainerItemProxy section */
		79A8907B2E7582AB0062CD90 /* PBXContainerItemProxy */ = {
			isa = PBXContainerItemProxy;
			containerPortal = 85D5C31E2DFD4A0600ABAD64 /* Project object */;
			proxyType = 1;
			remoteGlobalIDString = 79A890712E7582AB0062CD90;
			remoteInfo = FptnVPNTunnel;
		};
		85D5C3342DFD4A0800ABAD64 /* PBXContainerItemProxy */ = {
			isa = PBXContainerItemProxy;
			containerPortal = 85D5C31E2DFD4A0600ABAD64 /* Project object */;
			proxyType = 1;
			remoteGlobalIDString = 85D5C3252DFD4A0600ABAD64;
			remoteInfo = FptnVPN;
		};
		85D5C33E2DFD4A0800ABAD64 /* PBXContainerItemProxy */ = {
			isa = PBXContainerItemProxy;
			containerPortal = 85D5C31E2DFD4A0600ABAD64 /* Project object */;
			proxyType = 1;
			remoteGlobalIDString = 85D5C3252DFD4A0600ABAD64;
			remoteInfo = FptnVPN;
		};
/* End PBXContainerItemProxy section */

/* Begin PBXCopyFilesBuildPhase section */
		798039E22E74177300BEA18D /* Embed Frameworks */ = {
			isa = PBXCopyFilesBuildPhase;
			buildActionMask = 2147483647;
			dstPath = "";
			dstSubfolderSpec = 10;
			files = (
			);
			name = "Embed Frameworks";
			runOnlyForDeploymentPostprocessing = 0;
		};
		7994B7FF2E7A299E00624B08 /* Embed Frameworks */ = {
			isa = PBXCopyFilesBuildPhase;
			buildActionMask = 2147483647;
			dstPath = "";
			dstSubfolderSpec = 10;
			files = (
				7994B7FE2E7A299E00624B08 /* NetworkExtension.framework in Embed Frameworks */,
			);
			name = "Embed Frameworks";
			runOnlyForDeploymentPostprocessing = 0;
		};
		79A890822E7582AB0062CD90 /* Embed Foundation Extensions */ = {
			isa = PBXCopyFilesBuildPhase;
			buildActionMask = 2147483647;
			dstPath = "";
			dstSubfolderSpec = 13;
			files = (
				79A8907D2E7582AB0062CD90 /* FptnVPNTunnel.appex in Embed Foundation Extensions */,
			);
			name = "Embed Foundation Extensions";
			runOnlyForDeploymentPostprocessing = 0;
		};
/* End PBXCopyFilesBuildPhase section */

/* Begin PBXFileReference section */
		79A890722E7582AB0062CD90 /* FptnVPNTunnel.appex */ = {isa = PBXFileReference; explicitFileType = "wrapper.app-extension"; includeInIndex = 0; path = FptnVPNTunnel.appex; sourceTree = BUILT_PRODUCTS_DIR; };
		79A890742E7582AB0062CD90 /* NetworkExtension.framework */ = {isa = PBXFileReference; lastKnownFileType = wrapper.framework; name = NetworkExtension.framework; path = System/Library/Frameworks/NetworkExtension.framework; sourceTree = SDKROOT; };
		85D5C3262DFD4A0600ABAD64 /* FptnVPN.app */ = {isa = PBXFileReference; explicitFileType = wrapper.application; includeInIndex = 0; path = FptnVPN.app; sourceTree = BUILT_PRODUCTS_DIR; };
		85D5C3332DFD4A0800ABAD64 /* FptnVPNTests.xctest */ = {isa = PBXFileReference; explicitFileType = wrapper.cfbundle; includeInIndex = 0; path = FptnVPNTests.xctest; sourceTree = BUILT_PRODUCTS_DIR; };
		85D5C33D2DFD4A0800ABAD64 /* FptnVPNUITests.xctest */ = {isa = PBXFileReference; explicitFileType = wrapper.cfbundle; includeInIndex = 0; path = FptnVPNUITests.xctest; sourceTree = BUILT_PRODUCTS_DIR; };
/* End PBXFileReference section */

/* Begin PBXFileSystemSynchronizedBuildFileExceptionSet section */
		79A8907E2E7582AB0062CD90 /* Exceptions for "FptnVPNTunnel" folder in "FptnVPNTunnel" target */ = {
			isa = PBXFileSystemSynchronizedBuildFileExceptionSet;
			membershipExceptions = (
				Info.plist,
			);
			target = 79A890712E7582AB0062CD90 /* FptnVPNTunnel */;
		};
/* End PBXFileSystemSynchronizedBuildFileExceptionSet section */

/* Begin PBXFileSystemSynchronizedGroupBuildPhaseMembershipExceptionSet section */
		79BEF5492E7D0AF7007E57BB /* Exceptions for "FptnVPN" folder in "Embed Frameworks" phase from "FptnVPN" target */ = {
			isa = PBXFileSystemSynchronizedGroupBuildPhaseMembershipExceptionSet;
			attributesByRelativePath = {
				Cpp/fptn_native_lib.framework = (CodeSignOnCopy, RemoveHeadersOnCopy, );
			};
			buildPhase = 798039E22E74177300BEA18D /* Embed Frameworks */;
			membershipExceptions = (
				Cpp/fptn_native_lib.framework,
			);
		};
		79D2799F2E7D6BE500B24EDB /* Exceptions for "FptnVPN" folder in "Copy Bundle Resources" phase from "FptnVPN" target */ = {
			isa = PBXFileSystemSynchronizedGroupBuildPhaseMembershipExceptionSet;
			buildPhase = 85D5C3242DFD4A0600ABAD64 /* Resources */;
			membershipExceptions = (
				Cpp/fptn_native_lib.framework,
			);
		};
/* End PBXFileSystemSynchronizedGroupBuildPhaseMembershipExceptionSet section */

/* Begin PBXFileSystemSynchronizedRootGroup section */
		79A890762E7582AB0062CD90 /* FptnVPNTunnel */ = {
			isa = PBXFileSystemSynchronizedRootGroup;
			exceptions = (
				79A8907E2E7582AB0062CD90 /* Exceptions for "FptnVPNTunnel" folder in "FptnVPNTunnel" target */,
			);
			path = FptnVPNTunnel;
			sourceTree = "<group>";
		};
		85D5C3282DFD4A0600ABAD64 /* FptnVPN */ = {
			isa = PBXFileSystemSynchronizedRootGroup;
			exceptions = (
				79D2799F2E7D6BE500B24EDB /* Exceptions for "FptnVPN" folder in "Copy Bundle Resources" phase from "FptnVPN" target */,
				79BEF5492E7D0AF7007E57BB /* Exceptions for "FptnVPN" folder in "Embed Frameworks" phase from "FptnVPN" target */,
			);
			path = FptnVPN;
			sourceTree = "<group>";
		};
		85D5C3362DFD4A0800ABAD64 /* FptnVPNTests */ = {
			isa = PBXFileSystemSynchronizedRootGroup;
			path = FptnVPNTests;
			sourceTree = "<group>";
		};
		85D5C3402DFD4A0800ABAD64 /* FptnVPNUITests */ = {
			isa = PBXFileSystemSynchronizedRootGroup;
			path = FptnVPNUITests;
			sourceTree = "<group>";
		};
/* End PBXFileSystemSynchronizedRootGroup section */

/* Begin PBXFrameworksBuildPhase section */
		79A8906F2E7582AB0062CD90 /* Frameworks */ = {
			isa = PBXFrameworksBuildPhase;
			buildActionMask = 2147483647;
			files = (
				7994B7FD2E7A299E00624B08 /* NetworkExtension.framework in Frameworks */,
				3AEA9E0C2F4C62880020E4E3 /* Logging in Frameworks */,
			);
			runOnlyForDeploymentPostprocessing = 0;
		};
		85D5C3232DFD4A0600ABAD64 /* Frameworks */ = {
			isa = PBXFrameworksBuildPhase;
			buildActionMask = 2147483647;
			files = (
				3AEA9E0B2F4C62880020E4E3 /* Logging in Frameworks */,
			);
			runOnlyForDeploymentPostprocessing = 0;
		};
		85D5C3302DFD4A0800ABAD64 /* Frameworks */ = {
			isa = PBXFrameworksBuildPhase;
			buildActionMask = 2147483647;
			files = (
			);
			runOnlyForDeploymentPostprocessing = 0;
		};
		85D5C33A2DFD4A0800ABAD64 /* Frameworks */ = {
			isa = PBXFrameworksBuildPhase;
			buildActionMask = 2147483647;
			files = (
			);
			runOnlyForDeploymentPostprocessing = 0;
		};
/* End PBXFrameworksBuildPhase section */

/* Begin PBXGroup section */
		79A890732E7582AB0062CD90 /* Frameworks */ = {
			isa = PBXGroup;
			children = (
				79A890742E7582AB0062CD90 /* NetworkExtension.framework */,
			);
			name = Frameworks;
			sourceTree = "<group>";
		};
		85D5C31D2DFD4A0600ABAD64 = {
			isa = PBXGroup;
			children = (
				85D5C3282DFD4A0600ABAD64 /* FptnVPN */,
				85D5C3362DFD4A0800ABAD64 /* FptnVPNTests */,
				85D5C3402DFD4A0800ABAD64 /* FptnVPNUITests */,
				79A890762E7582AB0062CD90 /* FptnVPNTunnel */,
				79A890732E7582AB0062CD90 /* Frameworks */,
				85D5C3272DFD4A0600ABAD64 /* Products */,
			);
			sourceTree = "<group>";
		};
		85D5C3272DFD4A0600ABAD64 /* Products */ = {
			isa = PBXGroup;
			children = (
				85D5C3262DFD4A0600ABAD64 /* FptnVPN.app */,
				85D5C3332DFD4A0800ABAD64 /* FptnVPNTests.xctest */,
				85D5C33D2DFD4A0800ABAD64 /* FptnVPNUITests.xctest */,
				79A890722E7582AB0062CD90 /* FptnVPNTunnel.appex */,
			);
			name = Products;
			sourceTree = "<group>";
		};
/* End PBXGroup section */

/* Begin PBXNativeTarget section */
		79A890712E7582AB0062CD90 /* FptnVPNTunnel */ = {
			isa = PBXNativeTarget;
			buildConfigurationList = 79A8907F2E7582AB0062CD90 /* Build configuration list for PBXNativeTarget "FptnVPNTunnel" */;
			buildPhases = (
				79A8906E2E7582AB0062CD90 /* Sources */,
				79A8906F2E7582AB0062CD90 /* Frameworks */,
				79A890702E7582AB0062CD90 /* Resources */,
				7994B7FF2E7A299E00624B08 /* Embed Frameworks */,
			);
			buildRules = (
			);
			dependencies = (
			);
			fileSystemSynchronizedGroups = (
				79A890762E7582AB0062CD90 /* FptnVPNTunnel */,
			);
			name = FptnVPNTunnel;
			packageProductDependencies = (
				3AEA9E0D2F4C62880020E4E3 /* Logging */,
			);
			productName = FptnVPNTunnel;
			productReference = 79A890722E7582AB0062CD90 /* FptnVPNTunnel.appex */;
			productType = "com.apple.product-type.app-extension";
		};
		85D5C3252DFD4A0600ABAD64 /* FptnVPN */ = {
			isa = PBXNativeTarget;
			buildConfigurationList = 85D5C3472DFD4A0800ABAD64 /* Build configuration list for PBXNativeTarget "FptnVPN" */;
			buildPhases = (
				85D5C3222DFD4A0600ABAD64 /* Sources */,
				85D5C3232DFD4A0600ABAD64 /* Frameworks */,
				85D5C3242DFD4A0600ABAD64 /* Resources */,
				798039E22E74177300BEA18D /* Embed Frameworks */,
				79A890822E7582AB0062CD90 /* Embed Foundation Extensions */,
			);
			buildRules = (
			);
			dependencies = (
				79A8907C2E7582AB0062CD90 /* PBXTargetDependency */,
			);
			fileSystemSynchronizedGroups = (
				85D5C3282DFD4A0600ABAD64 /* FptnVPN */,
			);
			name = FptnVPN;
			packageProductDependencies = (
				3AEA9E0A2F4C62880020E4E3 /* Logging */,
			);
			productName = FptnVPN;
			productReference = 85D5C3262DFD4A0600ABAD64 /* FptnVPN.app */;
			productType = "com.apple.product-type.application";
		};
		85D5C3322DFD4A0800ABAD64 /* FptnVPNTests */ = {
			isa = PBXNativeTarget;
			buildConfigurationList = 85D5C34A2DFD4A0800ABAD64 /* Build configuration list for PBXNativeTarget "FptnVPNTests" */;
			buildPhases = (
				85D5C32F2DFD4A0800ABAD64 /* Sources */,
				85D5C3302DFD4A0800ABAD64 /* Frameworks */,
				85D5C3312DFD4A0800ABAD64 /* Resources */,
			);
			buildRules = (
			);
			dependencies = (
				85D5C3352DFD4A0800ABAD64 /* PBXTargetDependency */,
			);
			fileSystemSynchronizedGroups = (
				85D5C3362DFD4A0800ABAD64 /* FptnVPNTests */,
			);
			name = FptnVPNTests;
			packageProductDependencies = (
			);
			productName = FptnVPNTests;
			productReference = 85D5C3332DFD4A0800ABAD64 /* FptnVPNTests.xctest */;
			productType = "com.apple.product-type.bundle.unit-test";
		};
		85D5C33C2DFD4A0800ABAD64 /* FptnVPNUITests */ = {
			isa = PBXNativeTarget;
			buildConfigurationList = 85D5C34D2DFD4A0800ABAD64 /* Build configuration list for PBXNativeTarget "FptnVPNUITests" */;
			buildPhases = (
				85D5C3392DFD4A0800ABAD64 /* Sources */,
				85D5C33A2DFD4A0800ABAD64 /* Frameworks */,
				85D5C33B2DFD4A0800ABAD64 /* Resources */,
			);
			buildRules = (
			);
			dependencies = (
				85D5C33F2DFD4A0800ABAD64 /* PBXTargetDependency */,
			);
			fileSystemSynchronizedGroups = (
				85D5C3402DFD4A0800ABAD64 /* FptnVPNUITests */,
			);
			name = FptnVPNUITests;
			packageProductDependencies = (
			);
			productName = FptnVPNUITests;
			productReference = 85D5C33D2DFD4A0800ABAD64 /* FptnVPNUITests.xctest */;
			productType = "com.apple.product-type.bundle.ui-testing";
		};
/* End PBXNativeTarget section */

/* Begin PBXProject section */
		85D5C31E2DFD4A0600ABAD64 /* Project object */ = {
			isa = PBXProject;
			attributes = {
				BuildIndependentTargetsInParallel = 1;
				LastSwiftUpdateCheck = 1640;
				LastUpgradeCheck = 1640;
				TargetAttributes = {
					79A890712E7582AB0062CD90 = {
						CreatedOnToolsVersion = 16.4;
					};
					85D5C3252DFD4A0600ABAD64 = {
						CreatedOnToolsVersion = 16.4;
						LastSwiftMigration = 1640;
					};
					85D5C3322DFD4A0800ABAD64 = {
						CreatedOnToolsVersion = 16.4;
						TestTargetID = 85D5C3252DFD4A0600ABAD64;
					};
					85D5C33C2DFD4A0800ABAD64 = {
						CreatedOnToolsVersion = 16.4;
						TestTargetID = 85D5C3252DFD4A0600ABAD64;
					};
				};
			};
			buildConfigurationList = 85D5C3212DFD4A0600ABAD64 /* Build configuration list for PBXProject "FptnVPN" */;
			developmentRegion = en;
			hasScannedForEncodings = 0;
			knownRegions = (
				en,
				Base,
			);
			mainGroup = 85D5C31D2DFD4A0600ABAD64;
			minimizedProjectReferenceProxies = 1;
			packageReferences = (
				3AEA9E092F4C62880020E4E3 /* XCRemoteSwiftPackageReference "swift-log" */,
			);
			preferredProjectObjectVersion = 77;
			productRefGroup = 85D5C3272DFD4A0600ABAD64 /* Products */;
			projectDirPath = "";
			projectRoot = "";
			targets = (
				85D5C3252DFD4A0600ABAD64 /* FptnVPN */,
				85D5C3322DFD4A0800ABAD64 /* FptnVPNTests */,
				85D5C33C2DFD4A0800ABAD64 /* FptnVPNUITests */,
				79A890712E7582AB0062CD90 /* FptnVPNTunnel */,
			);
		};
/* End PBXProject section */

/* Begin PBXResourcesBuildPhase section */
		79A890702E7582AB0062CD90 /* Resources */ = {
			isa = PBXResourcesBuildPhase;
			buildActionMask = 2147483647;
			files = (
			);
			runOnlyForDeploymentPostprocessing = 0;
		};
		85D5C3242DFD4A0600ABAD64 /* Resources */ = {
			isa = PBXResourcesBuildPhase;
			buildActionMask = 2147483647;
			files = (
			);
			runOnlyForDeploymentPostprocessing = 0;
		};
		85D5C3312DFD4A0800ABAD64 /* Resources */ = {
			isa = PBXResourcesBuildPhase;
			buildActionMask = 2147483647;
			files = (
			);
			runOnlyForDeploymentPostprocessing = 0;
		};
		85D5C33B2DFD4A0800ABAD64 /* Resources */ = {
			isa = PBXResourcesBuildPhase;
			buildActionMask = 2147483647;
			files = (
			);
			runOnlyForDeploymentPostprocessing = 0;
		};
/* End PBXResourcesBuildPhase section */

/* Begin PBXSourcesBuildPhase section */
		79A8906E2E7582AB0062CD90 /* Sources */ = {
			isa = PBXSourcesBuildPhase;
			buildActionMask = 2147483647;
			files = (
			);
			runOnlyForDeploymentPostprocessing = 0;
		};
		85D5C3222DFD4A0600ABAD64 /* Sources */ = {
			isa = PBXSourcesBuildPhase;
			buildActionMask = 2147483647;
			files = (
			);
			runOnlyForDeploymentPostprocessing = 0;
		};
		85D5C32F2DFD4A0800ABAD64 /* Sources */ = {
			isa = PBXSourcesBuildPhase;
			buildActionMask = 2147483647;
			files = (
			);
			runOnlyForDeploymentPostprocessing = 0;
		};
		85D5C3392DFD4A0800ABAD64 /* Sources */ = {
			isa = PBXSourcesBuildPhase;
			buildActionMask = 2147483647;
			files = (
			);
			runOnlyForDeploymentPostprocessing = 0;
		};
/* End PBXSourcesBuildPhase section */

/* Begin PBXTargetDependency section */
		79A8907C2E7582AB0062CD90 /* PBXTargetDependency */ = {
			isa = PBXTargetDependency;
			target = 79A890712E7582AB0062CD90 /* FptnVPNTunnel */;
			targetProxy = 79A8907B2E7582AB0062CD90 /* PBXContainerItemProxy */;
		};
		85D5C3352DFD4A0800ABAD64 /* PBXTargetDependency */ = {
			isa = PBXTargetDependency;
			target = 85D5C3252DFD4A0600ABAD64 /* FptnVPN */;
			targetProxy = 85D5C3342DFD4A0800ABAD64 /* PBXContainerItemProxy */;
		};
		85D5C33F2DFD4A0800ABAD64 /* PBXTargetDependency */ = {
			isa = PBXTargetDependency;
			target = 85D5C3252DFD4A0600ABAD64 /* FptnVPN */;
			targetProxy = 85D5C33E2DFD4A0800ABAD64 /* PBXContainerItemProxy */;
		};
/* End PBXTargetDependency section */

/* Begin XCBuildConfiguration section */
		79A890802E7582AB0062CD90 /* Debug */ = {
			isa = XCBuildConfiguration;
			buildSettings = {
				ALWAYS_SEARCH_USER_PATHS = NO;
				CODE_SIGN_ENTITLEMENTS = FptnVPNTunnel/FptnVPNTunnelDebug.entitlements;
				CODE_SIGN_STYLE = Automatic;
				CURRENT_PROJECT_VERSION = 1;
				DEVELOPMENT_TEAM = F6YA6B56LR;
				GENERATE_INFOPLIST_FILE = YES;
				INFOPLIST_FILE = FptnVPNTunnel/Info.plist;
				INFOPLIST_KEY_CFBundleDisplayName = FptnVPNTunnel;
				INFOPLIST_KEY_NSHumanReadableCopyright = "";
				IPHONEOS_DEPLOYMENT_TARGET = 17.6;
				LD_RUNPATH_SEARCH_PATHS = (
					"$(inherited)",
					"@executable_path/Frameworks",
					"@executable_path/../../Frameworks",
				);
				MARKETING_VERSION = 1.0;
				PRODUCT_BUNDLE_IDENTIFIER = net.mrmidi.FptnVPN.FptnVPNTunnel;
				PRODUCT_NAME = "$(TARGET_NAME)";
				SKIP_INSTALL = YES;
				SWIFT_EMIT_LOC_STRINGS = YES;
				SWIFT_STRICT_CONCURRENCY = complete;
				SWIFT_VERSION = 6.0;
				TARGETED_DEVICE_FAMILY = "1,2";
			};
			name = Debug;
		};
		79A890812E7582AB0062CD90 /* Release */ = {
			isa = XCBuildConfiguration;
			buildSettings = {
				ALWAYS_SEARCH_USER_PATHS = NO;
				CODE_SIGN_ENTITLEMENTS = FptnVPNTunnel/FptnVPNTunnel.entitlements;
				CODE_SIGN_IDENTITY = "Apple Development";
				CODE_SIGN_STYLE = Automatic;
				CURRENT_PROJECT_VERSION = 1;
				DEVELOPMENT_TEAM = F6YA6B56LR;
				GENERATE_INFOPLIST_FILE = YES;
				INFOPLIST_FILE = FptnVPNTunnel/Info.plist;
				INFOPLIST_KEY_CFBundleDisplayName = FptnVPNTunnel;
				INFOPLIST_KEY_NSHumanReadableCopyright = "";
				IPHONEOS_DEPLOYMENT_TARGET = 17.6;
				LD_RUNPATH_SEARCH_PATHS = (
					"$(inherited)",
					"@executable_path/Frameworks",
					"@executable_path/../../Frameworks",
				);
				MARKETING_VERSION = 1.0;
				PRODUCT_BUNDLE_IDENTIFIER = net.mrmidi.FptnVPN.FptnVPNTunnel;
				PRODUCT_NAME = "$(TARGET_NAME)";
				PROVISIONING_PROFILE_SPECIFIER = "";
				SKIP_INSTALL = YES;
				SWIFT_EMIT_LOC_STRINGS = YES;
				SWIFT_STRICT_CONCURRENCY = complete;
				SWIFT_VERSION = 6.0;
				TARGETED_DEVICE_FAMILY = "1,2";
			};
			name = Release;
		};
		85D5C3452DFD4A0800ABAD64 /* Debug */ = {
			isa = XCBuildConfiguration;
			buildSettings = {
				ALWAYS_SEARCH_USER_PATHS = YES;
				"ALWAYS_SEARCH_USER_PATHS[arch=*]" = YES;
				ASSETCATALOG_COMPILER_GENERATE_SWIFT_ASSET_SYMBOL_EXTENSIONS = YES;
				CLANG_ANALYZER_NONNULL = YES;
				CLANG_ANALYZER_NUMBER_OBJECT_CONVERSION = YES_AGGRESSIVE;
				CLANG_CXX_LANGUAGE_STANDARD = "gnu++20";
				CLANG_ENABLE_MODULES = YES;
				CLANG_ENABLE_OBJC_ARC = YES;
				CLANG_ENABLE_OBJC_WEAK = YES;
				CLANG_WARN_BLOCK_CAPTURE_AUTORELEASING = YES;
				CLANG_WARN_BOOL_CONVERSION = YES;
				CLANG_WARN_COMMA = YES;
				CLANG_WARN_CONSTANT_CONVERSION = YES;
				CLANG_WARN_DEPRECATED_OBJC_IMPLEMENTATIONS = YES;
				CLANG_WARN_DIRECT_OBJC_ISA_USAGE = YES_ERROR;
				CLANG_WARN_DOCUMENTATION_COMMENTS = YES;
				CLANG_WARN_EMPTY_BODY = YES;
				CLANG_WARN_ENUM_CONVERSION = YES;
				CLANG_WARN_INFINITE_RECURSION = YES;
				CLANG_WARN_INT_CONVERSION = YES;
				CLANG_WARN_NON_LITERAL_NULL_CONVERSION = YES;
				CLANG_WARN_OBJC_IMPLICIT_RETAIN_SELF = YES;
				CLANG_WARN_OBJC_LITERAL_CONVERSION = YES;
				CLANG_WARN_OBJC_ROOT_CLASS = YES_ERROR;
				CLANG_WARN_QUOTED_INCLUDE_IN_FRAMEWORK_HEADER = YES;
				CLANG_WARN_RANGE_LOOP_ANALYSIS = YES;
				CLANG_WARN_STRICT_PROTOTYPES = YES;
				CLANG_WARN_SUSPICIOUS_MOVE = YES;
				CLANG_WARN_UNGUARDED_AVAILABILITY = YES_AGGRESSIVE;
				CLANG_WARN_UNREACHABLE_CODE = YES;
				CLANG_WARN__DUPLICATE_METHOD_MATCH = YES;
				COPY_PHASE_STRIP = NO;
				DEBUG_INFORMATION_FORMAT = dwarf;
				ENABLE_STRICT_OBJC_MSGSEND = YES;
				ENABLE_TESTABILITY = YES;
				ENABLE_USER_SCRIPT_SANDBOXING = YES;
				FRAMEWORK_SEARCH_PATHS = (
					"$(PROJECT_DIR)/FptnVPN/Cpp/**",
					"$(PROJECT_DIR)/FptnVPN/Cpp",
					"$(PROJECT_DIR)/FptnVPN/Cpp/fptn_native_lib.framework",
				);
				GCC_C_LANGUAGE_STANDARD = gnu17;
				GCC_DYNAMIC_NO_PIC = NO;
				GCC_NO_COMMON_BLOCKS = YES;
				GCC_OPTIMIZATION_LEVEL = 0;
				GCC_PREPROCESSOR_DEFINITIONS = (
					"DEBUG=1",
					"$(inherited)",
				);
				GCC_WARN_64_TO_32_BIT_CONVERSION = YES;
				GCC_WARN_ABOUT_RETURN_TYPE = YES_ERROR;
				GCC_WARN_UNDECLARED_SELECTOR = YES;
				GCC_WARN_UNINITIALIZED_AUTOS = YES_AGGRESSIVE;
				GCC_WARN_UNUSED_FUNCTION = YES;
				GCC_WARN_UNUSED_VARIABLE = YES;
				IPHONEOS_DEPLOYMENT_TARGET = 18.5;
				"LD_RUNPATH_SEARCH_PATHS[arch=*]" = (
					"@executable_path/Frameworks",
					"$(PROJECT_DIR)/FptnVPN/Cpp/fptn_native_lib.framework",
				);
				LOCALIZATION_PREFERS_STRING_CATALOGS = YES;
				MTL_ENABLE_DEBUG_INFO = INCLUDE_SOURCE;
				MTL_FAST_MATH = YES;
				ONLY_ACTIVE_ARCH = YES;
				SDKROOT = iphoneos;
				SWIFT_ACTIVE_COMPILATION_CONDITIONS = "DEBUG $(inherited)";
				SWIFT_OPTIMIZATION_LEVEL = "-Onone";
			};
			name = Debug;
		};
		85D5C3462DFD4A0800ABAD64 /* Release */ = {
			isa = XCBuildConfiguration;
			buildSettings = {
				ALWAYS_SEARCH_USER_PATHS = YES;
				ASSETCATALOG_COMPILER_GENERATE_SWIFT_ASSET_SYMBOL_EXTENSIONS = YES;
				CLANG_ANALYZER_NONNULL = YES;
				CLANG_ANALYZER_NUMBER_OBJECT_CONVERSION = YES_AGGRESSIVE;
				CLANG_CXX_LANGUAGE_STANDARD = "gnu++20";
				CLANG_ENABLE_MODULES = YES;
				CLANG_ENABLE_OBJC_ARC = YES;
				CLANG_ENABLE_OBJC_WEAK = YES;
				CLANG_WARN_BLOCK_CAPTURE_AUTORELEASING = YES;
				CLANG_WARN_BOOL_CONVERSION = YES;
				CLANG_WARN_COMMA = YES;
				CLANG_WARN_CONSTANT_CONVERSION = YES;
				CLANG_WARN_DEPRECATED_OBJC_IMPLEMENTATIONS = YES;
				CLANG_WARN_DIRECT_OBJC_ISA_USAGE = YES_ERROR;
				CLANG_WARN_DOCUMENTATION_COMMENTS = YES;
				CLANG_WARN_EMPTY_BODY = YES;
				CLANG_WARN_ENUM_CONVERSION = YES;
				CLANG_WARN_INFINITE_RECURSION = YES;
				CLANG_WARN_INT_CONVERSION = YES;
				CLANG_WARN_NON_LITERAL_NULL_CONVERSION = YES;
				CLANG_WARN_OBJC_IMPLICIT_RETAIN_SELF = YES;
				CLANG_WARN_OBJC_LITERAL_CONVERSION = YES;
				CLANG_WARN_OBJC_ROOT_CLASS = YES_ERROR;
				CLANG_WARN_QUOTED_INCLUDE_IN_FRAMEWORK_HEADER = YES;
				CLANG_WARN_RANGE_LOOP_ANALYSIS = YES;
				CLANG_WARN_STRICT_PROTOTYPES = YES;
				CLANG_WARN_SUSPICIOUS_MOVE = YES;
				CLANG_WARN_UNGUARDED_AVAILABILITY = YES_AGGRESSIVE;
				CLANG_WARN_UNREACHABLE_CODE = YES;
				CLANG_WARN__DUPLICATE_METHOD_MATCH = YES;
				COPY_PHASE_STRIP = NO;
				DEBUG_INFORMATION_FORMAT = "dwarf-with-dsym";
				ENABLE_NS_ASSERTIONS = NO;
				ENABLE_STRICT_OBJC_MSGSEND = YES;
				ENABLE_USER_SCRIPT_SANDBOXING = YES;
				FRAMEWORK_SEARCH_PATHS = (
					"$(PROJECT_DIR)/FptnVPN/Cpp/**",
					"$(PROJECT_DIR)/FptnVPN/Cpp",
					"$(PROJECT_DIR)/FptnVPN/Cpp/fptn_native_lib.framework",
				);
				GCC_C_LANGUAGE_STANDARD = gnu17;
				GCC_NO_COMMON_BLOCKS = YES;
				GCC_WARN_64_TO_32_BIT_CONVERSION = YES;
				GCC_WARN_ABOUT_RETURN_TYPE = YES_ERROR;
				GCC_WARN_UNDECLARED_SELECTOR = YES;
				GCC_WARN_UNINITIALIZED_AUTOS = YES_AGGRESSIVE;
				GCC_WARN_UNUSED_FUNCTION = YES;
				GCC_WARN_UNUSED_VARIABLE = YES;
				IPHONEOS_DEPLOYMENT_TARGET = 18.5;
				"LD_RUNPATH_SEARCH_PATHS[arch=*]" = (
					"@executable_path/Frameworks",
					"$(PROJECT_DIR)/FptnVPN/Cpp/fptn_native_lib.framework",
				);
				LOCALIZATION_PREFERS_STRING_CATALOGS = YES;
				MTL_ENABLE_DEBUG_INFO = NO;
				MTL_FAST_MATH = YES;
				SDKROOT = iphoneos;
				SWIFT_COMPILATION_MODE = wholemodule;
				VALIDATE_PRODUCT = YES;
			};
			name = Release;
		};
		85D5C3482DFD4A0800ABAD64 /* Debug */ = {
			isa = XCBuildConfiguration;
			buildSettings = {
				ASSETCATALOG_COMPILER_APPICON_NAME = AppIcon;
				ASSETCATALOG_COMPILER_GLOBAL_ACCENT_COLOR_NAME = AccentColor;
				ASSETCATALOG_COMPILER_INCLUDE_ALL_APPICON_ASSETS = YES;
				CLANG_ENABLE_MODULES = YES;
				CODE_SIGN_ENTITLEMENTS = FptnVPN/FptnVPN.entitlements;
				CODE_SIGN_STYLE = Automatic;
				CURRENT_PROJECT_VERSION = 1;
				DEVELOPMENT_TEAM = F6YA6B56LR;
				ENABLE_PREVIEWS = YES;
				FRAMEWORK_SEARCH_PATHS = (
					"$(inherited)",
					"$(PROJECT_DIR)/FptnVPN/Cpp",
				);
				"FRAMEWORK_SEARCH_PATHS[arch=*]" = (
					"$(inherited)",
					"$(PROJECT_DIR)/FptnVPN/Cpp",
					"$(PROJECT_DIR)/FptnVPN/Cpp/fptn_native_lib.framework/Headers",
					"$(PROJECT_DIR)/FptnVPN/Cpp/fptn_native_lib.framework/Headers",
				);
				GENERATE_INFOPLIST_FILE = YES;
				INFOPLIST_KEY_LSApplicationCategoryType = "public.app-category.utilities";
				INFOPLIST_KEY_UIApplicationSceneManifest_Generation = YES;
				INFOPLIST_KEY_UIApplicationSupportsIndirectInputEvents = YES;
				INFOPLIST_KEY_UILaunchScreen_Generation = YES;
				INFOPLIST_KEY_UISupportedInterfaceOrientations = UIInterfaceOrientationPortrait;
				IPHONEOS_DEPLOYMENT_TARGET = 17.0;
				LD_RUNPATH_SEARCH_PATHS = (
					"$(inherited)",
					"@executable_path/Frameworks",
					"$(PROJECT_DIR)/FptnVPN/Cpp/fptn_native_lib.framework",
					"@executable_path/Frameworks",
				);
				MARKETING_VERSION = 1.0;
				INFOPLIST_KEY_UIRequiresFullScreen = YES;
				PRODUCT_BUNDLE_IDENTIFIER = net.mrmidi.FptnVPN;
				PRODUCT_NAME = "$(TARGET_NAME)";
				SWIFT_EMIT_LOC_STRINGS = YES;
				SWIFT_OBJC_BRIDGING_HEADER = "FptnVPN/Cpp/FptnVPN-Bridging-Header.h";
				SWIFT_OPTIMIZATION_LEVEL = "-Onone";
				SWIFT_STRICT_CONCURRENCY = complete;
				SWIFT_VERSION = 6.0;
				TARGETED_DEVICE_FAMILY = "1,2";
			};
			name = Debug;
		};
		85D5C3492DFD4A0800ABAD64 /* Release */ = {
			isa = XCBuildConfiguration;
			buildSettings = {
				ASSETCATALOG_COMPILER_APPICON_NAME = AppIcon;
				ASSETCATALOG_COMPILER_GLOBAL_ACCENT_COLOR_NAME = AccentColor;
				ASSETCATALOG_COMPILER_INCLUDE_ALL_APPICON_ASSETS = YES;
				CLANG_ENABLE_MODULES = YES;
				CODE_SIGN_ENTITLEMENTS = FptnVPN/FptnVPN.entitlements;
				CODE_SIGN_STYLE = Automatic;
				CURRENT_PROJECT_VERSION = 1;
				DEVELOPMENT_TEAM = F6YA6B56LR;
				ENABLE_PREVIEWS = YES;
				FRAMEWORK_SEARCH_PATHS = (
					"$(inherited)",
					"$(PROJECT_DIR)/FptnVPN/Cpp",
				);
				GENERATE_INFOPLIST_FILE = YES;
				INFOPLIST_KEY_UIRequiresFullScreen = YES;
				INFOPLIST_KEY_LSApplicationCategoryType = "public.app-category.utilities";
				INFOPLIST_KEY_UIApplicationSceneManifest_Generation = YES;
				INFOPLIST_KEY_UIApplicationSupportsIndirectInputEvents = YES;
				INFOPLIST_KEY_UILaunchScreen_Generation = YES;
				INFOPLIST_KEY_UISupportedInterfaceOrientations = UIInterfaceOrientationPortrait;
				IPHONEOS_DEPLOYMENT_TARGET = 17.0;
				LD_RUNPATH_SEARCH_PATHS = (
					"$(inherited)",
					"@executable_path/Frameworks",
				);
				MARKETING_VERSION = 1.0;
				PRODUCT_BUNDLE_IDENTIFIER = net.mrmidi.FptnVPN;
				PRODUCT_NAME = "$(TARGET_NAME)";
				SWIFT_EMIT_LOC_STRINGS = YES;
				SWIFT_OBJC_BRIDGING_HEADER = "FptnVPN/Cpp/FptnVPN-Bridging-Header.h";
				SWIFT_STRICT_CONCURRENCY = complete;
				SWIFT_VERSION = 6.0;
				TARGETED_DEVICE_FAMILY = "1,2";
			};
			name = Release;
		};
		85D5C34B2DFD4A0800ABAD64 /* Debug */ = {
			isa = XCBuildConfiguration;
			buildSettings = {
				BUNDLE_LOADER = "$(TEST_HOST)";
				CODE_SIGN_STYLE = Automatic;
				CURRENT_PROJECT_VERSION = 1;
				GENERATE_INFOPLIST_FILE = YES;
				IPHONEOS_DEPLOYMENT_TARGET = 18.5;
				MARKETING_VERSION = 1.0;
				PRODUCT_BUNDLE_IDENTIFIER = org.fptn.FptnVPNTests;
				PRODUCT_NAME = "$(TARGET_NAME)";
				SWIFT_EMIT_LOC_STRINGS = NO;
				SWIFT_VERSION = 5.0;
				TARGETED_DEVICE_FAMILY = "1,2";
				TEST_HOST = "$(BUILT_PRODUCTS_DIR)/FptnVPN.app/$(BUNDLE_EXECUTABLE_FOLDER_PATH)/FptnVPN";
			};
			name = Debug;
		};
		85D5C34C2DFD4A0800ABAD64 /* Release */ = {
			isa = XCBuildConfiguration;
			buildSettings = {
				BUNDLE_LOADER = "$(TEST_HOST)";
				CODE_SIGN_STYLE = Automatic;
				CURRENT_PROJECT_VERSION = 1;
				GENERATE_INFOPLIST_FILE = YES;
				IPHONEOS_DEPLOYMENT_TARGET = 18.5;
				MARKETING_VERSION = 1.0;
				PRODUCT_BUNDLE_IDENTIFIER = org.fptn.FptnVPNTests;
				PRODUCT_NAME = "$(TARGET_NAME)";
				SWIFT_EMIT_LOC_STRINGS = NO;
				SWIFT_VERSION = 5.0;
				TARGETED_DEVICE_FAMILY = "1,2";
				TEST_HOST = "$(BUILT_PRODUCTS_DIR)/FptnVPN.app/$(BUNDLE_EXECUTABLE_FOLDER_PATH)/FptnVPN";
			};
			name = Release;
		};
		85D5C34E2DFD4A0800ABAD64 /* Debug */ = {
			isa = XCBuildConfiguration;
			buildSettings = {
				CODE_SIGN_STYLE = Automatic;
				CURRENT_PROJECT_VERSION = 1;
				GENERATE_INFOPLIST_FILE = YES;
				MARKETING_VERSION = 1.0;
				PRODUCT_BUNDLE_IDENTIFIER = org.fptn.FptnVPNUITests;
				PRODUCT_NAME = "$(TARGET_NAME)";
				SWIFT_EMIT_LOC_STRINGS = NO;
				SWIFT_VERSION = 5.0;
				TARGETED_DEVICE_FAMILY = "1,2";
				TEST_TARGET_NAME = FptnVPN;
			};
			name = Debug;
		};
		85D5C34F2DFD4A0800ABAD64 /* Release */ = {
			isa = XCBuildConfiguration;
			buildSettings = {
				CODE_SIGN_STYLE = Automatic;
				CURRENT_PROJECT_VERSION = 1;
				GENERATE_INFOPLIST_FILE = YES;
				MARKETING_VERSION = 1.0;
				PRODUCT_BUNDLE_IDENTIFIER = org.fptn.FptnVPNUITests;
				PRODUCT_NAME = "$(TARGET_NAME)";
				SWIFT_EMIT_LOC_STRINGS = NO;
				SWIFT_VERSION = 5.0;
				TARGETED_DEVICE_FAMILY = "1,2";
				TEST_TARGET_NAME = FptnVPN;
			};
			name = Release;
		};
/* End XCBuildConfiguration section */

/* Begin XCConfigurationList section */
		79A8907F2E7582AB0062CD90 /* Build configuration list for PBXNativeTarget "FptnVPNTunnel" */ = {
			isa = XCConfigurationList;
			buildConfigurations = (
				79A890802E7582AB0062CD90 /* Debug */,
				79A890812E7582AB0062CD90 /* Release */,
			);
			defaultConfigurationIsVisible = 0;
			defaultConfigurationName = Release;
		};
		85D5C3212DFD4A0600ABAD64 /* Build configuration list for PBXProject "FptnVPN" */ = {
			isa = XCConfigurationList;
			buildConfigurations = (
				85D5C3452DFD4A0800ABAD64 /* Debug */,
				85D5C3462DFD4A0800ABAD64 /* Release */,
			);
			defaultConfigurationIsVisible = 0;
			defaultConfigurationName = Release;
		};
		85D5C3472DFD4A0800ABAD64 /* Build configuration list for PBXNativeTarget "FptnVPN" */ = {
			isa = XCConfigurationList;
			buildConfigurations = (
				85D5C3482DFD4A0800ABAD64 /* Debug */,
				85D5C3492DFD4A0800ABAD64 /* Release */,
			);
			defaultConfigurationIsVisible = 0;
			defaultConfigurationName = Release;
		};
		85D5C34A2DFD4A0800ABAD64 /* Build configuration list for PBXNativeTarget "FptnVPNTests" */ = {
			isa = XCConfigurationList;
			buildConfigurations = (
				85D5C34B2DFD4A0800ABAD64 /* Debug */,
				85D5C34C2DFD4A0800ABAD64 /* Release */,
			);
			defaultConfigurationIsVisible = 0;
			defaultConfigurationName = Release;
		};
		85D5C34D2DFD4A0800ABAD64 /* Build configuration list for PBXNativeTarget "FptnVPNUITests" */ = {
			isa = XCConfigurationList;
			buildConfigurations = (
				85D5C34E2DFD4A0800ABAD64 /* Debug */,
				85D5C34F2DFD4A0800ABAD64 /* Release */,
			);
			defaultConfigurationIsVisible = 0;
			defaultConfigurationName = Release;
		};
/* End XCConfigurationList section */

/* Begin XCRemoteSwiftPackageReference section */
		3AEA9E092F4C62880020E4E3 /* XCRemoteSwiftPackageReference "swift-log" */ = {
			isa = XCRemoteSwiftPackageReference;
			repositoryURL = "https://github.com/apple/swift-log";
			requirement = {
				kind = upToNextMajorVersion;
				minimumVersion = 1.10.1;
			};
		};
/* End XCRemoteSwiftPackageReference section */

/* Begin XCSwiftPackageProductDependency section */
		3AEA9E0A2F4C62880020E4E3 /* Logging */ = {
			isa = XCSwiftPackageProductDependency;
			package = 3AEA9E092F4C62880020E4E3 /* XCRemoteSwiftPackageReference "swift-log" */;
			productName = Logging;
		};
		3AEA9E0D2F4C62880020E4E3 /* Logging */ = {
			isa = XCSwiftPackageProductDependency;
			package = 3AEA9E092F4C62880020E4E3 /* XCRemoteSwiftPackageReference "swift-log" */;
			productName = Logging;
		};
/* End XCSwiftPackageProductDependency section */
	};
	rootObject = 85D5C31E2DFD4A0600ABAD64 /* Project object */;
}
