{
  "originHash" : "39ab07ed06399340a5b0a09e772816f8889bf322f011d2f11beba1ac250ae69b",
  "pins" : [
    {
      "identity" : "fptnshared",
      "kind" : "remoteSourceControl",
      "location" : "https://github.com/mrmidi/FptnShared.git",
      "state" : {
        "revision" : "7196c6b43f85120dde2cc1e0b2d4dcabc76bb99a",
        "version" : "0.3.0-alpha.1"
      }
    }
  ],
  "version" : 3
}
